
Microsoft Visual Studio Solution File, Format Version 12.00
# Visual Studio Version 17
VisualStudioVersion = 17.0.31903.59
MinimumVisualStudioVersion = 10.0.40219.1
Project("{2150E333-8FDC-42A3-9474-1A3956D46DE8}") = "src", "src", "{827E0CD3-B72D-47B6-A68D-7590B98EB39B}"
EndProject
Project("{2150E333-8FDC-42A3-9474-1A3956D46DE8}") = "Backend", "Backend", "{FE360695-3F2B-1049-3887-35FBB5135923}"
EndProject
Project("{2150E333-8FDC-42A3-9474-1A3956D46DE8}") = "Shared", "Shared", "{5E28066D-CF2F-EACF-F514-6261098EA812}"
EndProject
Project("{FAE04EC0-301F-11D3-BF4B-00C04F79EFBC}") = "FinTech.SharedKernel", "src\Backend\Shared\FinTech.SharedKernel\FinTech.SharedKernel.csproj", "{F529696F-992C-4EAE-BD77-9A9286E8F19D}"
EndProject
Project("{FAE04EC0-301F-11D3-BF4B-00C04F79EFBC}") = "FinTech.Infrastructure", "src\Backend\Shared\FinTech.Infrastructure\FinTech.Infrastructure.csproj", "{9B2E46F1-2CDA-43DB-95CF-3DCF34AF99AB}"
EndProject
Project("{2150E333-8FDC-42A3-9474-1A3956D46DE8}") = "Host", "Host", "{40D4AEB1-B6DB-12E1-926B-20BDFCC78AA3}"
EndProject
Project("{FAE04EC0-301F-11D3-BF4B-00C04F79EFBC}") = "FinTech.Api", "src\Backend\Host\FinTech.Api\FinTech.Api.csproj", "{F3E1A7D0-1763-4C6E-9C9F-D06BE5E41B65}"
EndProject
Project("{2150E333-8FDC-42A3-9474-1A3956D46DE8}") = "Modules", "Modules", "{80AA2D47-A8A8-B250-956F-7C35AE84D60B}"
EndProject
Project("{2150E333-8FDC-42A3-9474-1A3956D46DE8}") = "Identity", "Identity", "{2D249DE0-EC84-28E9-17CD-9A4EEB38B949}"
EndProject
Project("{FAE04EC0-301F-11D3-BF4B-00C04F79EFBC}") = "FinTech.Modules.Identity", "src\Backend\Modules\Identity\FinTech.Modules.Identity\FinTech.Modules.Identity.csproj", "{F647441A-1B43-46B6-845A-295471A3A750}"
EndProject
Project("{2150E333-8FDC-42A3-9474-1A3956D46DE8}") = "Wallet", "Wallet", "{47C2828B-4734-26E3-BB54-3A175F15F21A}"
EndProject
Project("{FAE04EC0-301F-11D3-BF4B-00C04F79EFBC}") = "FinTech.Modules.Wallet", "src\Backend\Modules\Wallet\FinTech.Modules.Wallet\FinTech.Modules.Wallet.csproj", "{A891D9A1-88F1-492F-927A-7176B0D7FDDF}"
EndProject
Project("{2150E333-8FDC-42A3-9474-1A3956D46DE8}") = "Ledger", "Ledger", "{209C61E7-C14E-2102-C453-23CC8CC2E2D5}"
EndProject
Project("{FAE04EC0-301F-11D3-BF4B-00C04F79EFBC}") = "FinTech.Modules.Ledger", "src\Backend\Modules\Ledger\FinTech.Modules.Ledger\FinTech.Modules.Ledger.csproj", "{EDE3FA8A-C5D2-4843-88D1-B51F73E345C2}"
EndProject
Project("{2150E333-8FDC-42A3-9474-1A3956D46DE8}") = "Transaction", "Transaction", "{5CF54E51-3634-D139-54FD-2352C08DE31A}"
EndProject
Project("{FAE04EC0-301F-11D3-BF4B-00C04F79EFBC}") = "FinTech.Modules.Transaction", "src\Backend\Modules\Transaction\FinTech.Modules.Transaction\FinTech.Modules.Transaction.csproj", "{AAE13799-3599-41B9-A011-6ABB6D7C39D8}"
EndProject
Project("{2150E333-8FDC-42A3-9474-1A3956D46DE8}") = "Notification", "Notification", "{051E9133-6DBA-0BDB-2515-2DCEAC2913DC}"
EndProject
Project("{FAE04EC0-301F-11D3-BF4B-00C04F79EFBC}") = "FinTech.Modules.Notification", "src\Backend\Modules\Notification\FinTech.Modules.Notification\FinTech.Modules.Notification.csproj", "{CE01AB8E-5404-4E20-A15B-46DE70A3F45B}"
EndProject
Project("{2150E333-8FDC-42A3-9474-1A3956D46DE8}") = "tests", "tests", "{0AB3BF05-4346-4AA6-1389-037BE0695223}"
EndProject
Project("{2150E333-8FDC-42A3-9474-1A3956D46DE8}") = "Backend", "Backend", "{C62EED4C-2AC9-F50F-E0BC-649CFEA98BDB}"
EndProject
Project("{2150E333-8FDC-42A3-9474-1A3956D46DE8}") = "Unit", "Unit", "{D5E45C33-193E-D739-D160-12116D93128A}"
EndProject
Project("{FAE04EC0-301F-11D3-BF4B-00C04F79EFBC}") = "FinTech.Tests.Unit", "tests\Backend\Unit\FinTech.Tests.Unit\FinTech.Tests.Unit.csproj", "{371F98C2-46CA-44F4-8E05-96453B58DA15}"
EndProject
Project("{2150E333-8FDC-42A3-9474-1A3956D46DE8}") = "Integration", "Integration", "{63F0C891-D836-8FD0-742F-A36287AF036A}"
EndProject
Project("{FAE04EC0-301F-11D3-BF4B-00C04F79EFBC}") = "FinTech.Tests.Integration", "tests\Backend\Integration\FinTech.Tests.Integration\FinTech.Tests.Integration.csproj", "{5F1F5586-C0BF-4F71-A6CC-B460EB45E357}"
EndProject
Project("{2150E333-8FDC-42A3-9474-1A3956D46DE8}") = "Architecture", "Architecture", "{0CFE6609-3079-7727-B9B0-429741F9AB42}"
EndProject
Project("{FAE04EC0-301F-11D3-BF4B-00C04F79EFBC}") = "FinTech.Tests.Architecture", "tests\Backend\Architecture\FinTech.Tests.Architecture\FinTech.Tests.Architecture.csproj", "{BC0F8DDD-6028-4C46-A80B-010DF02F9E56}"
EndProject
Global
	GlobalSection(SolutionConfigurationPlatforms) = preSolution
		Debug|Any CPU = Debug|Any CPU
		Debug|x64 = Debug|x64
		Debug|x86 = Debug|x86
		Release|Any CPU = Release|Any CPU
		Release|x64 = Release|x64
		Release|x86 = Release|x86
	EndGlobalSection
	GlobalSection(ProjectConfigurationPlatforms) = postSolution
		{F529696F-992C-4EAE-BD77-9A9286E8F19D}.Debug|Any CPU.ActiveCfg = Debug|Any CPU
		{F529696F-992C-4EAE-BD77-9A9286E8F19D}.Debug|Any CPU.Build.0 = Debug|Any CPU
		{F529696F-992C-4EAE-BD77-9A9286E8F19D}.Debug|x64.ActiveCfg = Debug|Any CPU
		{F529696F-992C-4EAE-BD77-9A9286E8F19D}.Debug|x64.Build.0 = Debug|Any CPU
		{F529696F-992C-4EAE-BD77-9A9286E8F19D}.Debug|x86.ActiveCfg = Debug|Any CPU
		{F529696F-992C-4EAE-BD77-9A9286E8F19D}.Debug|x86.Build.0 = Debug|Any CPU
		{F529696F-992C-4EAE-BD77-9A9286E8F19D}.Release|Any CPU.ActiveCfg = Release|Any CPU
		{F529696F-992C-4EAE-BD77-9A9286E8F19D}.Release|Any CPU.Build.0 = Release|Any CPU
		{F529696F-992C-4EAE-BD77-9A9286E8F19D}.Release|x64.ActiveCfg = Release|Any CPU
		{F529696F-992C-4EAE-BD77-9A9286E8F19D}.Release|x64.Build.0 = Release|Any CPU
		{F529696F-992C-4EAE-BD77-9A9286E8F19D}.Release|x86.ActiveCfg = Release|Any CPU
		{F529696F-992C-4EAE-BD77-9A9286E8F19D}.Release|x86.Build.0 = Release|Any CPU
		{9B2E46F1-2CDA-43DB-95CF-3DCF34AF99AB}.Debug|Any CPU.ActiveCfg = Debug|Any CPU
		{9B2E46F1-2CDA-43DB-95CF-3DCF34AF99AB}.Debug|Any CPU.Build.0 = Debug|Any CPU
		{9B2E46F1-2CDA-43DB-95CF-3DCF34AF99AB}.Debug|x64.ActiveCfg = Debug|Any CPU
		{9B2E46F1-2CDA-43DB-95CF-3DCF34AF99AB}.Debug|x64.Build.0 = Debug|Any CPU
		{9B2E46F1-2CDA-43DB-95CF-3DCF34AF99AB}.Debug|x86.ActiveCfg = Debug|Any CPU
		{9B2E46F1-2CDA-43DB-95CF-3DCF34AF99AB}.Debug|x86.Build.0 = Debug|Any CPU
		{9B2E46F1-2CDA-43DB-95CF-3DCF34AF99AB}.Release|Any CPU.ActiveCfg = Release|Any CPU
		{9B2E46F1-2CDA-43DB-95CF-3DCF34AF99AB}.Release|Any CPU.Build.0 = Release|Any CPU
		{9B2E46F1-2CDA-43DB-95CF-3DCF34AF99AB}.Release|x64.ActiveCfg = Release|Any CPU
		{9B2E46F1-2CDA-43DB-95CF-3DCF34AF99AB}.Release|x64.Build.0 = Release|Any CPU
		{9B2E46F1-2CDA-43DB-95CF-3DCF34AF99AB}.Release|x86.ActiveCfg = Release|Any CPU
		{9B2E46F1-2CDA-43DB-95CF-3DCF34AF99AB}.Release|x86.Build.0 = Release|Any CPU
		{F3E1A7D0-1763-4C6E-9C9F-D06BE5E41B65}.Debug|Any CPU.ActiveCfg = Debug|Any CPU
		{F3E1A7D0-1763-4C6E-9C9F-D06BE5E41B65}.Debug|Any CPU.Build.0 = Debug|Any CPU
		{F3E1A7D0-1763-4C6E-9C9F-D06BE5E41B65}.Debug|x64.ActiveCfg = Debug|Any CPU
		{F3E1A7D0-1763-4C6E-9C9F-D06BE5E41B65}.Debug|x64.Build.0 = Debug|Any CPU
		{F3E1A7D0-1763-4C6E-9C9F-D06BE5E41B65}.Debug|x86.ActiveCfg = Debug|Any CPU
		{F3E1A7D0-1763-4C6E-9C9F-D06BE5E41B65}.Debug|x86.Build.0 = Debug|Any CPU
		{F3E1A7D0-1763-4C6E-9C9F-D06BE5E41B65}.Release|Any CPU.ActiveCfg = Release|Any CPU
		{F3E1A7D0-1763-4C6E-9C9F-D06BE5E41B65}.Release|Any CPU.Build.0 = Release|Any CPU
		{F3E1A7D0-1763-4C6E-9C9F-D06BE5E41B65}.Release|x64.ActiveCfg = Release|Any CPU
		{F3E1A7D0-1763-4C6E-9C9F-D06BE5E41B65}.Release|x64.Build.0 = Release|Any CPU
		{F3E1A7D0-1763-4C6E-9C9F-D06BE5E41B65}.Release|x86.ActiveCfg = Release|Any CPU
		{F3E1A7D0-1763-4C6E-9C9F-D06BE5E41B65}.Release|x86.Build.0 = Release|Any CPU
		{F647441A-1B43-46B6-845A-295471A3A750}.Debug|Any CPU.ActiveCfg = Debug|Any CPU
		{F647441A-1B43-46B6-845A-295471A3A750}.Debug|Any CPU.Build.0 = Debug|Any CPU
		{F647441A-1B43-46B6-845A-295471A3A750}.Debug|x64.ActiveCfg = Debug|Any CPU
		{F647441A-1B43-46B6-845A-295471A3A750}.Debug|x64.Build.0 = Debug|Any CPU
		{F647441A-1B43-46B6-845A-295471A3A750}.Debug|x86.ActiveCfg = Debug|Any CPU
		{F647441A-1B43-46B6-845A-295471A3A750}.Debug|x86.Build.0 = Debug|Any CPU
		{F647441A-1B43-46B6-845A-295471A3A750}.Release|Any CPU.ActiveCfg = Release|Any CPU
		{F647441A-1B43-46B6-845A-295471A3A750}.Release|Any CPU.Build.0 = Release|Any CPU
		{F647441A-1B43-46B6-845A-295471A3A750}.Release|x64.ActiveCfg = Release|Any CPU
		{F647441A-1B43-46B6-845A-295471A3A750}.Release|x64.Build.0 = Release|Any CPU
		{F647441A-1B43-46B6-845A-295471A3A750}.Release|x86.ActiveCfg = Release|Any CPU
		{F647441A-1B43-46B6-845A-295471A3A750}.Release|x86.Build.0 = Release|Any CPU
		{A891D9A1-88F1-492F-927A-7176B0D7FDDF}.Debug|Any CPU.ActiveCfg = Debug|Any CPU
		{A891D9A1-88F1-492F-927A-7176B0D7FDDF}.Debug|Any CPU.Build.0 = Debug|Any CPU
		{A891D9A1-88F1-492F-927A-7176B0D7FDDF}.Debug|x64.ActiveCfg = Debug|Any CPU
		{A891D9A1-88F1-492F-927A-7176B0D7FDDF}.Debug|x64.Build.0 = Debug|Any CPU
		{A891D9A1-88F1-492F-927A-7176B0D7FDDF}.Debug|x86.ActiveCfg = Debug|Any CPU
		{A891D9A1-88F1-492F-927A-7176B0D7FDDF}.Debug|x86.Build.0 = Debug|Any CPU
		{A891D9A1-88F1-492F-927A-7176B0D7FDDF}.Release|Any CPU.ActiveCfg = Release|Any CPU
		{A891D9A1-88F1-492F-927A-7176B0D7FDDF}.Release|Any CPU.Build.0 = Release|Any CPU
		{A891D9A1-88F1-492F-927A-7176B0D7FDDF}.Release|x64.ActiveCfg = Release|Any CPU
		{A891D9A1-88F1-492F-927A-7176B0D7FDDF}.Release|x64.Build.0 = Release|Any CPU
		{A891D9A1-88F1-492F-927A-7176B0D7FDDF}.Release|x86.ActiveCfg = Release|Any CPU
		{A891D9A1-88F1-492F-927A-7176B0D7FDDF}.Release|x86.Build.0 = Release|Any CPU
		{EDE3FA8A-C5D2-4843-88D1-B51F73E345C2}.Debug|Any CPU.ActiveCfg = Debug|Any CPU
		{EDE3FA8A-C5D2-4843-88D1-B51F73E345C2}.Debug|Any CPU.Build.0 = Debug|Any CPU
		{EDE3FA8A-C5D2-4843-88D1-B51F73E345C2}.Debug|x64.ActiveCfg = Debug|Any CPU
		{EDE3FA8A-C5D2-4843-88D1-B51F73E345C2}.Debug|x64.Build.0 = Debug|Any CPU
		{EDE3FA8A-C5D2-4843-88D1-B51F73E345C2}.Debug|x86.ActiveCfg = Debug|Any CPU
		{EDE3FA8A-C5D2-4843-88D1-B51F73E345C2}.Debug|x86.Build.0 = Debug|Any CPU
		{EDE3FA8A-C5D2-4843-88D1-B51F73E345C2}.Release|Any CPU.ActiveCfg = Release|Any CPU
		{EDE3FA8A-C5D2-4843-88D1-B51F73E345C2}.Release|Any CPU.Build.0 = Release|Any CPU
		{EDE3FA8A-C5D2-4843-88D1-B51F73E345C2}.Release|x64.ActiveCfg = Release|Any CPU
		{EDE3FA8A-C5D2-4843-88D1-B51F73E345C2}.Release|x64.Build.0 = Release|Any CPU
		{EDE3FA8A-C5D2-4843-88D1-B51F73E345C2}.Release|x86.ActiveCfg = Release|Any CPU
		{EDE3FA8A-C5D2-4843-88D1-B51F73E345C2}.Release|x86.Build.0 = Release|Any CPU
		{AAE13799-3599-41B9-A011-6ABB6D7C39D8}.Debug|Any CPU.ActiveCfg = Debug|Any CPU
		{AAE13799-3599-41B9-A011-6ABB6D7C39D8}.Debug|Any CPU.Build.0 = Debug|Any CPU
		{AAE13799-3599-41B9-A011-6ABB6D7C39D8}.Debug|x64.ActiveCfg = Debug|Any CPU
		{AAE13799-3599-41B9-A011-6ABB6D7C39D8}.Debug|x64.Build.0 = Debug|Any CPU
		{AAE13799-3599-41B9-A011-6ABB6D7C39D8}.Debug|x86.ActiveCfg = Debug|Any CPU
		{AAE13799-3599-41B9-A011-6ABB6D7C39D8}.Debug|x86.Build.0 = Debug|Any CPU
		{AAE13799-3599-41B9-A011-6ABB6D7C39D8}.Release|Any CPU.ActiveCfg = Release|Any CPU
		{AAE13799-3599-41B9-A011-6ABB6D7C39D8}.Release|Any CPU.Build.0 = Release|Any CPU
		{AAE13799-3599-41B9-A011-6ABB6D7C39D8}.Release|x64.ActiveCfg = Release|Any CPU
		{AAE13799-3599-41B9-A011-6ABB6D7C39D8}.Release|x64.Build.0 = Release|Any CPU
		{AAE13799-3599-41B9-A011-6ABB6D7C39D8}.Release|x86.ActiveCfg = Release|Any CPU
		{AAE13799-3599-41B9-A011-6ABB6D7C39D8}.Release|x86.Build.0 = Release|Any CPU
		{CE01AB8E-5404-4E20-A15B-46DE70A3F45B}.Debug|Any CPU.ActiveCfg = Debug|Any CPU
		{CE01AB8E-5404-4E20-A15B-46DE70A3F45B}.Debug|Any CPU.Build.0 = Debug|Any CPU
		{CE01AB8E-5404-4E20-A15B-46DE70A3F45B}.Debug|x64.ActiveCfg = Debug|Any CPU
		{CE01AB8E-5404-4E20-A15B-46DE70A3F45B}.Debug|x64.Build.0 = Debug|Any CPU
		{CE01AB8E-5404-4E20-A15B-46DE70A3F45B}.Debug|x86.ActiveCfg = Debug|Any CPU
		{CE01AB8E-5404-4E20-A15B-46DE70A3F45B}.Debug|x86.Build.0 = Debug|Any CPU
		{CE01AB8E-5404-4E20-A15B-46DE70A3F45B}.Release|Any CPU.ActiveCfg = Release|Any CPU
		{CE01AB8E-5404-4E20-A15B-46DE70A3F45B}.Release|Any CPU.Build.0 = Release|Any CPU
		{CE01AB8E-5404-4E20-A15B-46DE70A3F45B}.Release|x64.ActiveCfg = Release|Any CPU
		{CE01AB8E-5404-4E20-A15B-46DE70A3F45B}.Release|x64.Build.0 = Release|Any CPU
		{CE01AB8E-5404-4E20-A15B-46DE70A3F45B}.Release|x86.ActiveCfg = Release|Any CPU
		{CE01AB8E-5404-4E20-A15B-46DE70A3F45B}.Release|x86.Build.0 = Release|Any CPU
		{371F98C2-46CA-44F4-8E05-96453B58DA15}.Debug|Any CPU.ActiveCfg = Debug|Any CPU
		{371F98C2-46CA-44F4-8E05-96453B58DA15}.Debug|Any CPU.Build.0 = Debug|Any CPU
		{371F98C2-46CA-44F4-8E05-96453B58DA15}.Debug|x64.ActiveCfg = Debug|Any CPU
		{371F98C2-46CA-44F4-8E05-96453B58DA15}.Debug|x64.Build.0 = Debug|Any CPU
		{371F98C2-46CA-44F4-8E05-96453B58DA15}.Debug|x86.ActiveCfg = Debug|Any CPU
		{371F98C2-46CA-44F4-8E05-96453B58DA15}.Debug|x86.Build.0 = Debug|Any CPU
		{371F98C2-46CA-44F4-8E05-96453B58DA15}.Release|Any CPU.ActiveCfg = Release|Any CPU
		{371F98C2-46CA-44F4-8E05-96453B58DA15}.Release|Any CPU.Build.0 = Release|Any CPU
		{371F98C2-46CA-44F4-8E05-96453B58DA15}.Release|x64.ActiveCfg = Release|Any CPU
		{371F98C2-46CA-44F4-8E05-96453B58DA15}.Release|x64.Build.0 = Release|Any CPU
		{371F98C2-46CA-44F4-8E05-96453B58DA15}.Release|x86.ActiveCfg = Release|Any CPU
		{371F98C2-46CA-44F4-8E05-96453B58DA15}.Release|x86.Build.0 = Release|Any CPU
		{5F1F5586-C0BF-4F71-A6CC-B460EB45E357}.Debug|Any CPU.ActiveCfg = Debug|Any CPU
		{5F1F5586-C0BF-4F71-A6CC-B460EB45E357}.Debug|Any CPU.Build.0 = Debug|Any CPU
		{5F1F5586-C0BF-4F71-A6CC-B460EB45E357}.Debug|x64.ActiveCfg = Debug|Any CPU
		{5F1F5586-C0BF-4F71-A6CC-B460EB45E357}.Debug|x64.Build.0 = Debug|Any CPU
		{5F1F5586-C0BF-4F71-A6CC-B460EB45E357}.Debug|x86.ActiveCfg = Debug|Any CPU
		{5F1F5586-C0BF-4F71-A6CC-B460EB45E357}.Debug|x86.Build.0 = Debug|Any CPU
		{5F1F5586-C0BF-4F71-A6CC-B460EB45E357}.Release|Any CPU.ActiveCfg = Release|Any CPU
		{5F1F5586-C0BF-4F71-A6CC-B460EB45E357}.Release|Any CPU.Build.0 = Release|Any CPU
		{5F1F5586-C0BF-4F71-A6CC-B460EB45E357}.Release|x64.ActiveCfg = Release|Any CPU
		{5F1F5586-C0BF-4F71-A6CC-B460EB45E357}.Release|x64.Build.0 = Release|Any CPU
		{5F1F5586-C0BF-4F71-A6CC-B460EB45E357}.Release|x86.ActiveCfg = Release|Any CPU
		{5F1F5586-C0BF-4F71-A6CC-B460EB45E357}.Release|x86.Build.0 = Release|Any CPU
		{BC0F8DDD-6028-4C46-A80B-010DF02F9E56}.Debug|Any CPU.ActiveCfg = Debug|Any CPU
		{BC0F8DDD-6028-4C46-A80B-010DF02F9E56}.Debug|Any CPU.Build.0 = Debug|Any CPU
		{BC0F8DDD-6028-4C46-A80B-010DF02F9E56}.Debug|x64.ActiveCfg = Debug|Any CPU
		{BC0F8DDD-6028-4C46-A80B-010DF02F9E56}.Debug|x64.Build.0 = Debug|Any CPU
		{BC0F8DDD-6028-4C46-A80B-010DF02F9E56}.Debug|x86.ActiveCfg = Debug|Any CPU
		{BC0F8DDD-6028-4C46-A80B-010DF02F9E56}.Debug|x86.Build.0 = Debug|Any CPU
		{BC0F8DDD-6028-4C46-A80B-010DF02F9E56}.Release|Any CPU.ActiveCfg = Release|Any CPU
		{BC0F8DDD-6028-4C46-A80B-010DF02F9E56}.Release|Any CPU.Build.0 = Release|Any CPU
		{BC0F8DDD-6028-4C46-A80B-010DF02F9E56}.Release|x64.ActiveCfg = Release|Any CPU
		{BC0F8DDD-6028-4C46-A80B-010DF02F9E56}.Release|x64.Build.0 = Release|Any CPU
		{BC0F8DDD-6028-4C46-A80B-010DF02F9E56}.Release|x86.ActiveCfg = Release|Any CPU
		{BC0F8DDD-6028-4C46-A80B-010DF02F9E56}.Release|x86.Build.0 = Release|Any CPU
	EndGlobalSection
	GlobalSection(SolutionProperties) = preSolution
		HideSolutionNode = FALSE
	EndGlobalSection
	GlobalSection(NestedProjects) = preSolution
		{FE360695-3F2B-1049-3887-35FBB5135923} = {827E0CD3-B72D-47B6-A68D-7590B98EB39B}
		{5E28066D-CF2F-EACF-F514-6261098EA812} = {FE360695-3F2B-1049-3887-35FBB5135923}
		{F529696F-992C-4EAE-BD77-9A9286E8F19D} = {5E28066D-CF2F-EACF-F514-6261098EA812}
		{9B2E46F1-2CDA-43DB-95CF-3DCF34AF99AB} = {5E28066D-CF2F-EACF-F514-6261098EA812}
		{40D4AEB1-B6DB-12E1-926B-20BDFCC78AA3} = {FE360695-3F2B-1049-3887-35FBB5135923}
		{F3E1A7D0-1763-4C6E-9C9F-D06BE5E41B65} = {40D4AEB1-B6DB-12E1-926B-20BDFCC78AA3}
		{80AA2D47-A8A8-B250-956F-7C35AE84D60B} = {FE360695-3F2B-1049-3887-35FBB5135923}
		{2D249DE0-EC84-28E9-17CD-9A4EEB38B949} = {80AA2D47-A8A8-B250-956F-7C35AE84D60B}
		{F647441A-1B43-46B6-845A-295471A3A750} = {2D249DE0-EC84-28E9-17CD-9A4EEB38B949}
		{47C2828B-4734-26E3-BB54-3A175F15F21A} = {80AA2D47-A8A8-B250-956F-7C35AE84D60B}
		{A891D9A1-88F1-492F-927A-7176B0D7FDDF} = {47C2828B-4734-26E3-BB54-3A175F15F21A}
		{209C61E7-C14E-2102-C453-23CC8CC2E2D5} = {80AA2D47-A8A8-B250-956F-7C35AE84D60B}
		{EDE3FA8A-C5D2-4843-88D1-B51F73E345C2} = {209C61E7-C14E-2102-C453-23CC8CC2E2D5}
		{5CF54E51-3634-D139-54FD-2352C08DE31A} = {80AA2D47-A8A8-B250-956F-7C35AE84D60B}
		{AAE13799-3599-41B9-A011-6ABB6D7C39D8} = {5CF54E51-3634-D139-54FD-2352C08DE31A}
		{051E9133-6DBA-0BDB-2515-2DCEAC2913DC} = {80AA2D47-A8A8-B250-956F-7C35AE84D60B}
		{CE01AB8E-5404-4E20-A15B-46DE70A3F45B} = {051E9133-6DBA-0BDB-2515-2DCEAC2913DC}
		{C62EED4C-2AC9-F50F-E0BC-649CFEA98BDB} = {0AB3BF05-4346-4AA6-1389-037BE0695223}
		{D5E45C33-193E-D739-D160-12116D93128A} = {C62EED4C-2AC9-F50F-E0BC-649CFEA98BDB}
		{371F98C2-46CA-44F4-8E05-96453B58DA15} = {D5E45C33-193E-D739-D160-12116D93128A}
		{63F0C891-D836-8FD0-742F-A36287AF036A} = {C62EED4C-2AC9-F50F-E0BC-649CFEA98BDB}
		{5F1F5586-C0BF-4F71-A6CC-B460EB45E357} = {63F0C891-D836-8FD0-742F-A36287AF036A}
		{0CFE6609-3079-7727-B9B0-429741F9AB42} = {C62EED4C-2AC9-F50F-E0BC-649CFEA98BDB}
		{BC0F8DDD-6028-4C46-A80B-010DF02F9E56} = {0CFE6609-3079-7727-B9B0-429741F9AB42}
	EndGlobalSection
EndGlobal
