
Microsoft Visual Studio Solution File, Format Version 12.00
# Visual Studio Version 17
VisualStudioVersion = 17.0.31903.59
MinimumVisualStudioVersion = 10.0.40219.1
Project("{2150E333-8FDC-42A3-9474-1A3956D46DE8}") = "src", "src", "{827E0CD3-B72D-47B6-A68D-7590B98EB39B}"
EndProject
Project("{2150E333-8FDC-42A3-9474-1A3956D46DE8}") = "BuildingBlocks", "BuildingBlocks", "{90298CBA-BD6F-3A0A-69D5-97CAD7B05E7E}"
EndProject
Project("{FAE04EC0-301F-11D3-BF4B-00C04F79EFBC}") = "FinTech.BuildingBlocks.Domain", "src\BuildingBlocks\FinTech.BuildingBlocks.Domain\FinTech.BuildingBlocks.Domain.csproj", "{661E363E-B852-4F11-BC8A-4103797E92A4}"
EndProject
Project("{FAE04EC0-301F-11D3-BF4B-00C04F79EFBC}") = "FinTech.BuildingBlocks.Application", "src\BuildingBlocks\FinTech.BuildingBlocks.Application\FinTech.BuildingBlocks.Application.csproj", "{020CF5FB-C155-45C0-B9DE-7B53BAD326FC}"
EndProject
Project("{FAE04EC0-301F-11D3-BF4B-00C04F79EFBC}") = "FinTech.BuildingBlocks.Infrastructure", "src\BuildingBlocks\FinTech.BuildingBlocks.Infrastructure\FinTech.BuildingBlocks.Infrastructure.csproj", "{1E95CCE3-B619-46C4-96D4-73A4322F8C90}"
EndProject
Project("{FAE04EC0-301F-11D3-BF4B-00C04F79EFBC}") = "FinTech.BuildingBlocks.EventBus", "src\BuildingBlocks\FinTech.BuildingBlocks.EventBus\FinTech.BuildingBlocks.EventBus.csproj", "{B536B4BC-2E90-4368-8FCC-D84D05DE14C4}"
EndProject
Project("{FAE04EC0-301F-11D3-BF4B-00C04F79EFBC}") = "FinTech.BuildingBlocks.Observability", "src\BuildingBlocks\FinTech.BuildingBlocks.Observability\FinTech.BuildingBlocks.Observability.csproj", "{BD6FE331-8254-47FB-8F25-3925C9624B18}"
EndProject
Project("{2150E333-8FDC-42A3-9474-1A3956D46DE8}") = "Host", "Host", "{981C2CF6-E5BB-602A-511C-234B538302B0}"
EndProject
Project("{FAE04EC0-301F-11D3-BF4B-00C04F79EFBC}") = "FinTech.Api", "src\Host\FinTech.Api\FinTech.Api.csproj", "{817BC07C-80E8-489B-A668-106F691C5478}"
EndProject
Project("{2150E333-8FDC-42A3-9474-1A3956D46DE8}") = "Modules", "Modules", "{EC447DCF-ABFA-6E24-52A5-D7FD48A5C558}"
EndProject
Project("{2150E333-8FDC-42A3-9474-1A3956D46DE8}") = "Identity", "Identity", "{0EC62A1A-9858-3A60-8A0C-FC9AACFA2EC7}"
EndProject
Project("{FAE04EC0-301F-11D3-BF4B-00C04F79EFBC}") = "FinTech.Modules.Identity.Domain", "src\Modules\Identity\FinTech.Modules.Identity.Domain\FinTech.Modules.Identity.Domain.csproj", "{3DD9C6D1-8EB4-444F-AFB5-DB80D5782130}"
EndProject
Project("{FAE04EC0-301F-11D3-BF4B-00C04F79EFBC}") = "FinTech.Modules.Identity.Application", "src\Modules\Identity\FinTech.Modules.Identity.Application\FinTech.Modules.Identity.Application.csproj", "{C47830C6-4884-4749-9D79-8A3823316CD3}"
EndProject
Project("{FAE04EC0-301F-11D3-BF4B-00C04F79EFBC}") = "FinTech.Modules.Identity.Infrastructure", "src\Modules\Identity\FinTech.Modules.Identity.Infrastructure\FinTech.Modules.Identity.Infrastructure.csproj", "{9A3985B2-787D-49BE-AF1E-BF03073AFC4E}"
EndProject
Project("{FAE04EC0-301F-11D3-BF4B-00C04F79EFBC}") = "FinTech.Modules.Identity.Api", "src\Modules\Identity\FinTech.Modules.Identity.Api\FinTech.Modules.Identity.Api.csproj", "{EA55BF0B-CF3F-44BC-960F-E557342B5CA1}"
EndProject
Project("{2150E333-8FDC-42A3-9474-1A3956D46DE8}") = "Wallet", "Wallet", "{1EE309CE-3C56-E0B4-4D30-990A2802E0F7}"
EndProject
Project("{FAE04EC0-301F-11D3-BF4B-00C04F79EFBC}") = "FinTech.Modules.Wallet.Domain", "src\Modules\Wallet\FinTech.Modules.Wallet.Domain\FinTech.Modules.Wallet.Domain.csproj", "{5FA8C46B-168C-4616-AF6F-2B00F588D8D7}"
EndProject
Project("{FAE04EC0-301F-11D3-BF4B-00C04F79EFBC}") = "FinTech.Modules.Wallet.Application", "src\Modules\Wallet\FinTech.Modules.Wallet.Application\FinTech.Modules.Wallet.Application.csproj", "{68F0609B-DD6A-42DF-8367-913E5839711A}"
EndProject
Project("{FAE04EC0-301F-11D3-BF4B-00C04F79EFBC}") = "FinTech.Modules.Wallet.Infrastructure", "src\Modules\Wallet\FinTech.Modules.Wallet.Infrastructure\FinTech.Modules.Wallet.Infrastructure.csproj", "{424A3225-3BAE-452D-B539-F8A86B48F537}"
EndProject
Project("{FAE04EC0-301F-11D3-BF4B-00C04F79EFBC}") = "FinTech.Modules.Wallet.Api", "src\Modules\Wallet\FinTech.Modules.Wallet.Api\FinTech.Modules.Wallet.Api.csproj", "{E86627B1-516D-4903-BEA4-CE7342D19E0E}"
EndProject
Project("{2150E333-8FDC-42A3-9474-1A3956D46DE8}") = "Ledger", "Ledger", "{94CA1A96-709C-708D-86F4-C17510E77C63}"
EndProject
Project("{FAE04EC0-301F-11D3-BF4B-00C04F79EFBC}") = "FinTech.Modules.Ledger.Domain", "src\Modules\Ledger\FinTech.Modules.Ledger.Domain\FinTech.Modules.Ledger.Domain.csproj", "{EE9EC98F-8C70-4EDE-9808-12F7B0B0D62A}"
EndProject
Project("{FAE04EC0-301F-11D3-BF4B-00C04F79EFBC}") = "FinTech.Modules.Ledger.Application", "src\Modules\Ledger\FinTech.Modules.Ledger.Application\FinTech.Modules.Ledger.Application.csproj", "{14C42C27-30D5-4598-A8F7-6F79454A398E}"
EndProject
Project("{FAE04EC0-301F-11D3-BF4B-00C04F79EFBC}") = "FinTech.Modules.Ledger.Infrastructure", "src\Modules\Ledger\FinTech.Modules.Ledger.Infrastructure\FinTech.Modules.Ledger.Infrastructure.csproj", "{A344BA3B-724F-4668-91D7-6FB3D5A01B3A}"
EndProject
Project("{FAE04EC0-301F-11D3-BF4B-00C04F79EFBC}") = "FinTech.Modules.Ledger.Api", "src\Modules\Ledger\FinTech.Modules.Ledger.Api\FinTech.Modules.Ledger.Api.csproj", "{557C984A-308A-4C4B-9111-46C806D44C5A}"
EndProject
Project("{2150E333-8FDC-42A3-9474-1A3956D46DE8}") = "Transaction", "Transaction", "{F8CB3014-AE33-BC28-6A1E-FE4879C2B06A}"
EndProject
Project("{FAE04EC0-301F-11D3-BF4B-00C04F79EFBC}") = "FinTech.Modules.Transaction.Domain", "src\Modules\Transaction\FinTech.Modules.Transaction.Domain\FinTech.Modules.Transaction.Domain.csproj", "{D9C15945-1C49-45D4-B0B6-B8AF825C2B20}"
EndProject
Project("{FAE04EC0-301F-11D3-BF4B-00C04F79EFBC}") = "FinTech.Modules.Transaction.Application", "src\Modules\Transaction\FinTech.Modules.Transaction.Application\FinTech.Modules.Transaction.Application.csproj", "{AC823425-680F-4ECD-8883-FC09377AA849}"
EndProject
Project("{FAE04EC0-301F-11D3-BF4B-00C04F79EFBC}") = "FinTech.Modules.Transaction.Infrastructure", "src\Modules\Transaction\FinTech.Modules.Transaction.Infrastructure\FinTech.Modules.Transaction.Infrastructure.csproj", "{B5C93DC6-837E-49C7-B240-F2764830B489}"
EndProject
Project("{FAE04EC0-301F-11D3-BF4B-00C04F79EFBC}") = "FinTech.Modules.Transaction.Api", "src\Modules\Transaction\FinTech.Modules.Transaction.Api\FinTech.Modules.Transaction.Api.csproj", "{73989B15-E5E4-49B7-97CE-8D64D454C909}"
EndProject
Project("{2150E333-8FDC-42A3-9474-1A3956D46DE8}") = "Notification", "Notification", "{4F8133DB-A301-0A1E-3DDE-929E67CC9B96}"
EndProject
Project("{FAE04EC0-301F-11D3-BF4B-00C04F79EFBC}") = "FinTech.Modules.Notification.Domain", "src\Modules\Notification\FinTech.Modules.Notification.Domain\FinTech.Modules.Notification.Domain.csproj", "{566B392B-BCA4-4168-AA5D-7A8CA8EC2034}"
EndProject
Project("{FAE04EC0-301F-11D3-BF4B-00C04F79EFBC}") = "FinTech.Modules.Notification.Application", "src\Modules\Notification\FinTech.Modules.Notification.Application\FinTech.Modules.Notification.Application.csproj", "{5B317187-2B21-4816-A769-2F7DBCEAC74B}"
EndProject
Project("{FAE04EC0-301F-11D3-BF4B-00C04F79EFBC}") = "FinTech.Modules.Notification.Infrastructure", "src\Modules\Notification\FinTech.Modules.Notification.Infrastructure\FinTech.Modules.Notification.Infrastructure.csproj", "{EA052E8E-BD93-47E6-A4C0-9FA7BEC2D4BB}"
EndProject
Project("{FAE04EC0-301F-11D3-BF4B-00C04F79EFBC}") = "FinTech.Modules.Notification.Api", "src\Modules\Notification\FinTech.Modules.Notification.Api\FinTech.Modules.Notification.Api.csproj", "{D9A7621D-63BC-4FB9-8A0B-B0E236A9A16B}"
EndProject
Project("{2150E333-8FDC-42A3-9474-1A3956D46DE8}") = "tests", "tests", "{0AB3BF05-4346-4AA6-1389-037BE0695223}"
EndProject
Project("{FAE04EC0-301F-11D3-BF4B-00C04F79EFBC}") = "FinTech.Tests.Unit", "tests\Backend\Unit\FinTech.Tests.Unit\FinTech.Tests.Unit.csproj", "{CC865496-7CE6-4556-87A6-8FCE964DB365}"
EndProject
Project("{FAE04EC0-301F-11D3-BF4B-00C04F79EFBC}") = "FinTech.Tests.Integration", "tests\Backend\Integration\FinTech.Tests.Integration\FinTech.Tests.Integration.csproj", "{9883BE1D-190E-4FB6-BFE2-941AA483EFA6}"
EndProject
Project("{FAE04EC0-301F-11D3-BF4B-00C04F79EFBC}") = "FinTech.Tests.Architecture", "tests\Backend\Architecture\FinTech.Tests.Architecture\FinTech.Tests.Architecture.csproj", "{407E327A-80AA-450B-A5BA-4CECFF3BF5EC}"
EndProject
Project("{2150E333-8FDC-42A3-9474-1A3956D46DE8}") = "Audit", "Audit", "{B7504168-2F66-9EF4-E8D7-36B98062A6F8}"
EndProject
Project("{FAE04EC0-301F-11D3-BF4B-00C04F79EFBC}") = "FinTech.Modules.Audit.Domain", "src\Modules\Audit\FinTech.Modules.Audit.Domain\FinTech.Modules.Audit.Domain.csproj", "{2EA1A679-3CBD-454F-8ABB-FC40D13D408C}"
EndProject
Project("{FAE04EC0-301F-11D3-BF4B-00C04F79EFBC}") = "FinTech.Modules.Audit.Application", "src\Modules\Audit\FinTech.Modules.Audit.Application\FinTech.Modules.Audit.Application.csproj", "{FA044D82-574F-4258-AC99-58FADAFB9DD1}"
EndProject
Project("{FAE04EC0-301F-11D3-BF4B-00C04F79EFBC}") = "FinTech.Modules.Audit.Infrastructure", "src\Modules\Audit\FinTech.Modules.Audit.Infrastructure\FinTech.Modules.Audit.Infrastructure.csproj", "{329E5BBF-C20B-49FF-9B47-089C2887E2BD}"
EndProject
Project("{FAE04EC0-301F-11D3-BF4B-00C04F79EFBC}") = "FinTech.Modules.Audit.Api", "src\Modules\Audit\FinTech.Modules.Audit.Api\FinTech.Modules.Audit.Api.csproj", "{AAF3F6C5-C22D-4B4D-9A5C-AC912754C0B5}"
EndProject
Project("{2150E333-8FDC-42A3-9474-1A3956D46DE8}") = "BackgroundJob", "BackgroundJob", "{9902F374-ADD9-6C07-C0B1-A1E2A4C50CB9}"
EndProject
Project("{FAE04EC0-301F-11D3-BF4B-00C04F79EFBC}") = "FinTech.Modules.BackgroundJob.Domain", "src\Modules\BackgroundJob\FinTech.Modules.BackgroundJob.Domain\FinTech.Modules.BackgroundJob.Domain.csproj", "{72427A8B-C3D1-4A63-9CEF-388D9691F582}"
EndProject
Project("{FAE04EC0-301F-11D3-BF4B-00C04F79EFBC}") = "FinTech.Modules.BackgroundJob.Application", "src\Modules\BackgroundJob\FinTech.Modules.BackgroundJob.Application\FinTech.Modules.BackgroundJob.Application.csproj", "{7D9E084D-77C9-482E-8F4A-5D499CFA4AFB}"
EndProject
Project("{FAE04EC0-301F-11D3-BF4B-00C04F79EFBC}") = "FinTech.Modules.BackgroundJob.Infrastructure", "src\Modules\BackgroundJob\FinTech.Modules.BackgroundJob.Infrastructure\FinTech.Modules.BackgroundJob.Infrastructure.csproj", "{B5450640-BD30-49F1-8A58-32240672BA5D}"
EndProject
Project("{FAE04EC0-301F-11D3-BF4B-00C04F79EFBC}") = "FinTech.Modules.BackgroundJob.Api", "src\Modules\BackgroundJob\FinTech.Modules.BackgroundJob.Api\FinTech.Modules.BackgroundJob.Api.csproj", "{0BF298F9-C0DD-4BC8-A9D0-D973A8682EE7}"
EndProject
Global
	GlobalSection(SolutionConfigurationPlatforms) = preSolution
		Debug|Any CPU = Debug|Any CPU
		Debug|x64 = Debug|x64
		Debug|x86 = Debug|x86
		Release|Any CPU = Release|Any CPU
		Release|x64 = Release|x64
		Release|x86 = Release|x86
	EndGlobalSection
	GlobalSection(ProjectConfigurationPlatforms) = postSolution
		{661E363E-B852-4F11-BC8A-4103797E92A4}.Debug|Any CPU.ActiveCfg = Debug|Any CPU
		{661E363E-B852-4F11-BC8A-4103797E92A4}.Debug|Any CPU.Build.0 = Debug|Any CPU
		{661E363E-B852-4F11-BC8A-4103797E92A4}.Debug|x64.ActiveCfg = Debug|Any CPU
		{661E363E-B852-4F11-BC8A-4103797E92A4}.Debug|x64.Build.0 = Debug|Any CPU
		{661E363E-B852-4F11-BC8A-4103797E92A4}.Debug|x86.ActiveCfg = Debug|Any CPU
		{661E363E-B852-4F11-BC8A-4103797E92A4}.Debug|x86.Build.0 = Debug|Any CPU
		{661E363E-B852-4F11-BC8A-4103797E92A4}.Release|Any CPU.ActiveCfg = Release|Any CPU
		{661E363E-B852-4F11-BC8A-4103797E92A4}.Release|Any CPU.Build.0 = Release|Any CPU
		{661E363E-B852-4F11-BC8A-4103797E92A4}.Release|x64.ActiveCfg = Release|Any CPU
		{661E363E-B852-4F11-BC8A-4103797E92A4}.Release|x64.Build.0 = Release|Any CPU
		{661E363E-B852-4F11-BC8A-4103797E92A4}.Release|x86.ActiveCfg = Release|Any CPU
		{661E363E-B852-4F11-BC8A-4103797E92A4}.Release|x86.Build.0 = Release|Any CPU
		{020CF5FB-C155-45C0-B9DE-7B53BAD326FC}.Debug|Any CPU.ActiveCfg = Debug|Any CPU
		{020CF5FB-C155-45C0-B9DE-7B53BAD326FC}.Debug|Any CPU.Build.0 = Debug|Any CPU
		{020CF5FB-C155-45C0-B9DE-7B53BAD326FC}.Debug|x64.ActiveCfg = Debug|Any CPU
		{020CF5FB-C155-45C0-B9DE-7B53BAD326FC}.Debug|x64.Build.0 = Debug|Any CPU
		{020CF5FB-C155-45C0-B9DE-7B53BAD326FC}.Debug|x86.ActiveCfg = Debug|Any CPU
		{020CF5FB-C155-45C0-B9DE-7B53BAD326FC}.Debug|x86.Build.0 = Debug|Any CPU
		{020CF5FB-C155-45C0-B9DE-7B53BAD326FC}.Release|Any CPU.ActiveCfg = Release|Any CPU
		{020CF5FB-C155-45C0-B9DE-7B53BAD326FC}.Release|Any CPU.Build.0 = Release|Any CPU
		{020CF5FB-C155-45C0-B9DE-7B53BAD326FC}.Release|x64.ActiveCfg = Release|Any CPU
		{020CF5FB-C155-45C0-B9DE-7B53BAD326FC}.Release|x64.Build.0 = Release|Any CPU
		{020CF5FB-C155-45C0-B9DE-7B53BAD326FC}.Release|x86.ActiveCfg = Release|Any CPU
		{020CF5FB-C155-45C0-B9DE-7B53BAD326FC}.Release|x86.Build.0 = Release|Any CPU
		{1E95CCE3-B619-46C4-96D4-73A4322F8C90}.Debug|Any CPU.ActiveCfg = Debug|Any CPU
		{1E95CCE3-B619-46C4-96D4-73A4322F8C90}.Debug|Any CPU.Build.0 = Debug|Any CPU
		{1E95CCE3-B619-46C4-96D4-73A4322F8C90}.Debug|x64.ActiveCfg = Debug|Any CPU
		{1E95CCE3-B619-46C4-96D4-73A4322F8C90}.Debug|x64.Build.0 = Debug|Any CPU
		{1E95CCE3-B619-46C4-96D4-73A4322F8C90}.Debug|x86.ActiveCfg = Debug|Any CPU
		{1E95CCE3-B619-46C4-96D4-73A4322F8C90}.Debug|x86.Build.0 = Debug|Any CPU
		{1E95CCE3-B619-46C4-96D4-73A4322F8C90}.Release|Any CPU.ActiveCfg = Release|Any CPU
		{1E95CCE3-B619-46C4-96D4-73A4322F8C90}.Release|Any CPU.Build.0 = Release|Any CPU
		{1E95CCE3-B619-46C4-96D4-73A4322F8C90}.Release|x64.ActiveCfg = Release|Any CPU
		{1E95CCE3-B619-46C4-96D4-73A4322F8C90}.Release|x64.Build.0 = Release|Any CPU
		{1E95CCE3-B619-46C4-96D4-73A4322F8C90}.Release|x86.ActiveCfg = Release|Any CPU
		{1E95CCE3-B619-46C4-96D4-73A4322F8C90}.Release|x86.Build.0 = Release|Any CPU
		{B536B4BC-2E90-4368-8FCC-D84D05DE14C4}.Debug|Any CPU.ActiveCfg = Debug|Any CPU
		{B536B4BC-2E90-4368-8FCC-D84D05DE14C4}.Debug|Any CPU.Build.0 = Debug|Any CPU
		{B536B4BC-2E90-4368-8FCC-D84D05DE14C4}.Debug|x64.ActiveCfg = Debug|Any CPU
		{B536B4BC-2E90-4368-8FCC-D84D05DE14C4}.Debug|x64.Build.0 = Debug|Any CPU
		{B536B4BC-2E90-4368-8FCC-D84D05DE14C4}.Debug|x86.ActiveCfg = Debug|Any CPU
		{B536B4BC-2E90-4368-8FCC-D84D05DE14C4}.Debug|x86.Build.0 = Debug|Any CPU
		{B536B4BC-2E90-4368-8FCC-D84D05DE14C4}.Release|Any CPU.ActiveCfg = Release|Any CPU
		{B536B4BC-2E90-4368-8FCC-D84D05DE14C4}.Release|Any CPU.Build.0 = Release|Any CPU
		{B536B4BC-2E90-4368-8FCC-D84D05DE14C4}.Release|x64.ActiveCfg = Release|Any CPU
		{B536B4BC-2E90-4368-8FCC-D84D05DE14C4}.Release|x64.Build.0 = Release|Any CPU
		{B536B4BC-2E90-4368-8FCC-D84D05DE14C4}.Release|x86.ActiveCfg = Release|Any CPU
		{B536B4BC-2E90-4368-8FCC-D84D05DE14C4}.Release|x86.Build.0 = Release|Any CPU
		{BD6FE331-8254-47FB-8F25-3925C9624B18}.Debug|Any CPU.ActiveCfg = Debug|Any CPU
		{BD6FE331-8254-47FB-8F25-3925C9624B18}.Debug|Any CPU.Build.0 = Debug|Any CPU
		{BD6FE331-8254-47FB-8F25-3925C9624B18}.Debug|x64.ActiveCfg = Debug|Any CPU
		{BD6FE331-8254-47FB-8F25-3925C9624B18}.Debug|x64.Build.0 = Debug|Any CPU
		{BD6FE331-8254-47FB-8F25-3925C9624B18}.Debug|x86.ActiveCfg = Debug|Any CPU
		{BD6FE331-8254-47FB-8F25-3925C9624B18}.Debug|x86.Build.0 = Debug|Any CPU
		{BD6FE331-8254-47FB-8F25-3925C9624B18}.Release|Any CPU.ActiveCfg = Release|Any CPU
		{BD6FE331-8254-47FB-8F25-3925C9624B18}.Release|Any CPU.Build.0 = Release|Any CPU
		{BD6FE331-8254-47FB-8F25-3925C9624B18}.Release|x64.ActiveCfg = Release|Any CPU
		{BD6FE331-8254-47FB-8F25-3925C9624B18}.Release|x64.Build.0 = Release|Any CPU
		{BD6FE331-8254-47FB-8F25-3925C9624B18}.Release|x86.ActiveCfg = Release|Any CPU
		{BD6FE331-8254-47FB-8F25-3925C9624B18}.Release|x86.Build.0 = Release|Any CPU
		{817BC07C-80E8-489B-A668-106F691C5478}.Debug|Any CPU.ActiveCfg = Debug|Any CPU
		{817BC07C-80E8-489B-A668-106F691C5478}.Debug|Any CPU.Build.0 = Debug|Any CPU
		{817BC07C-80E8-489B-A668-106F691C5478}.Debug|x64.ActiveCfg = Debug|Any CPU
		{817BC07C-80E8-489B-A668-106F691C5478}.Debug|x64.Build.0 = Debug|Any CPU
		{817BC07C-80E8-489B-A668-106F691C5478}.Debug|x86.ActiveCfg = Debug|Any CPU
		{817BC07C-80E8-489B-A668-106F691C5478}.Debug|x86.Build.0 = Debug|Any CPU
		{817BC07C-80E8-489B-A668-106F691C5478}.Release|Any CPU.ActiveCfg = Release|Any CPU
		{817BC07C-80E8-489B-A668-106F691C5478}.Release|Any CPU.Build.0 = Release|Any CPU
		{817BC07C-80E8-489B-A668-106F691C5478}.Release|x64.ActiveCfg = Release|Any CPU
		{817BC07C-80E8-489B-A668-106F691C5478}.Release|x64.Build.0 = Release|Any CPU
		{817BC07C-80E8-489B-A668-106F691C5478}.Release|x86.ActiveCfg = Release|Any CPU
		{817BC07C-80E8-489B-A668-106F691C5478}.Release|x86.Build.0 = Release|Any CPU
		{3DD9C6D1-8EB4-444F-AFB5-DB80D5782130}.Debug|Any CPU.ActiveCfg = Debug|Any CPU
		{3DD9C6D1-8EB4-444F-AFB5-DB80D5782130}.Debug|Any CPU.Build.0 = Debug|Any CPU
		{3DD9C6D1-8EB4-444F-AFB5-DB80D5782130}.Debug|x64.ActiveCfg = Debug|Any CPU
		{3DD9C6D1-8EB4-444F-AFB5-DB80D5782130}.Debug|x64.Build.0 = Debug|Any CPU
		{3DD9C6D1-8EB4-444F-AFB5-DB80D5782130}.Debug|x86.ActiveCfg = Debug|Any CPU
		{3DD9C6D1-8EB4-444F-AFB5-DB80D5782130}.Debug|x86.Build.0 = Debug|Any CPU
		{3DD9C6D1-8EB4-444F-AFB5-DB80D5782130}.Release|Any CPU.ActiveCfg = Release|Any CPU
		{3DD9C6D1-8EB4-444F-AFB5-DB80D5782130}.Release|Any CPU.Build.0 = Release|Any CPU
		{3DD9C6D1-8EB4-444F-AFB5-DB80D5782130}.Release|x64.ActiveCfg = Release|Any CPU
		{3DD9C6D1-8EB4-444F-AFB5-DB80D5782130}.Release|x64.Build.0 = Release|Any CPU
		{3DD9C6D1-8EB4-444F-AFB5-DB80D5782130}.Release|x86.ActiveCfg = Release|Any CPU
		{3DD9C6D1-8EB4-444F-AFB5-DB80D5782130}.Release|x86.Build.0 = Release|Any CPU
		{C47830C6-4884-4749-9D79-8A3823316CD3}.Debug|Any CPU.ActiveCfg = Debug|Any CPU
		{C47830C6-4884-4749-9D79-8A3823316CD3}.Debug|Any CPU.Build.0 = Debug|Any CPU
		{C47830C6-4884-4749-9D79-8A3823316CD3}.Debug|x64.ActiveCfg = Debug|Any CPU
		{C47830C6-4884-4749-9D79-8A3823316CD3}.Debug|x64.Build.0 = Debug|Any CPU
		{C47830C6-4884-4749-9D79-8A3823316CD3}.Debug|x86.ActiveCfg = Debug|Any CPU
		{C47830C6-4884-4749-9D79-8A3823316CD3}.Debug|x86.Build.0 = Debug|Any CPU
		{C47830C6-4884-4749-9D79-8A3823316CD3}.Release|Any CPU.ActiveCfg = Release|Any CPU
		{C47830C6-4884-4749-9D79-8A3823316CD3}.Release|Any CPU.Build.0 = Release|Any CPU
		{C47830C6-4884-4749-9D79-8A3823316CD3}.Release|x64.ActiveCfg = Release|Any CPU
		{C47830C6-4884-4749-9D79-8A3823316CD3}.Release|x64.Build.0 = Release|Any CPU
		{C47830C6-4884-4749-9D79-8A3823316CD3}.Release|x86.ActiveCfg = Release|Any CPU
		{C47830C6-4884-4749-9D79-8A3823316CD3}.Release|x86.Build.0 = Release|Any CPU
		{9A3985B2-787D-49BE-AF1E-BF03073AFC4E}.Debug|Any CPU.ActiveCfg = Debug|Any CPU
		{9A3985B2-787D-49BE-AF1E-BF03073AFC4E}.Debug|Any CPU.Build.0 = Debug|Any CPU
		{9A3985B2-787D-49BE-AF1E-BF03073AFC4E}.Debug|x64.ActiveCfg = Debug|Any CPU
		{9A3985B2-787D-49BE-AF1E-BF03073AFC4E}.Debug|x64.Build.0 = Debug|Any CPU
		{9A3985B2-787D-49BE-AF1E-BF03073AFC4E}.Debug|x86.ActiveCfg = Debug|Any CPU
		{9A3985B2-787D-49BE-AF1E-BF03073AFC4E}.Debug|x86.Build.0 = Debug|Any CPU
		{9A3985B2-787D-49BE-AF1E-BF03073AFC4E}.Release|Any CPU.ActiveCfg = Release|Any CPU
		{9A3985B2-787D-49BE-AF1E-BF03073AFC4E}.Release|Any CPU.Build.0 = Release|Any CPU
		{9A3985B2-787D-49BE-AF1E-BF03073AFC4E}.Release|x64.ActiveCfg = Release|Any CPU
		{9A3985B2-787D-49BE-AF1E-BF03073AFC4E}.Release|x64.Build.0 = Release|Any CPU
		{9A3985B2-787D-49BE-AF1E-BF03073AFC4E}.Release|x86.ActiveCfg = Release|Any CPU
		{9A3985B2-787D-49BE-AF1E-BF03073AFC4E}.Release|x86.Build.0 = Release|Any CPU
		{EA55BF0B-CF3F-44BC-960F-E557342B5CA1}.Debug|Any CPU.ActiveCfg = Debug|Any CPU
		{EA55BF0B-CF3F-44BC-960F-E557342B5CA1}.Debug|Any CPU.Build.0 = Debug|Any CPU
		{EA55BF0B-CF3F-44BC-960F-E557342B5CA1}.Debug|x64.ActiveCfg = Debug|Any CPU
		{EA55BF0B-CF3F-44BC-960F-E557342B5CA1}.Debug|x64.Build.0 = Debug|Any CPU
		{EA55BF0B-CF3F-44BC-960F-E557342B5CA1}.Debug|x86.ActiveCfg = Debug|Any CPU
		{EA55BF0B-CF3F-44BC-960F-E557342B5CA1}.Debug|x86.Build.0 = Debug|Any CPU
		{EA55BF0B-CF3F-44BC-960F-E557342B5CA1}.Release|Any CPU.ActiveCfg = Release|Any CPU
		{EA55BF0B-CF3F-44BC-960F-E557342B5CA1}.Release|Any CPU.Build.0 = Release|Any CPU
		{EA55BF0B-CF3F-44BC-960F-E557342B5CA1}.Release|x64.ActiveCfg = Release|Any CPU
		{EA55BF0B-CF3F-44BC-960F-E557342B5CA1}.Release|x64.Build.0 = Release|Any CPU
		{EA55BF0B-CF3F-44BC-960F-E557342B5CA1}.Release|x86.ActiveCfg = Release|Any CPU
		{EA55BF0B-CF3F-44BC-960F-E557342B5CA1}.Release|x86.Build.0 = Release|Any CPU
		{5FA8C46B-168C-4616-AF6F-2B00F588D8D7}.Debug|Any CPU.ActiveCfg = Debug|Any CPU
		{5FA8C46B-168C-4616-AF6F-2B00F588D8D7}.Debug|Any CPU.Build.0 = Debug|Any CPU
		{5FA8C46B-168C-4616-AF6F-2B00F588D8D7}.Debug|x64.ActiveCfg = Debug|Any CPU
		{5FA8C46B-168C-4616-AF6F-2B00F588D8D7}.Debug|x64.Build.0 = Debug|Any CPU
		{5FA8C46B-168C-4616-AF6F-2B00F588D8D7}.Debug|x86.ActiveCfg = Debug|Any CPU
		{5FA8C46B-168C-4616-AF6F-2B00F588D8D7}.Debug|x86.Build.0 = Debug|Any CPU
		{5FA8C46B-168C-4616-AF6F-2B00F588D8D7}.Release|Any CPU.ActiveCfg = Release|Any CPU
		{5FA8C46B-168C-4616-AF6F-2B00F588D8D7}.Release|Any CPU.Build.0 = Release|Any CPU
		{5FA8C46B-168C-4616-AF6F-2B00F588D8D7}.Release|x64.ActiveCfg = Release|Any CPU
		{5FA8C46B-168C-4616-AF6F-2B00F588D8D7}.Release|x64.Build.0 = Release|Any CPU
		{5FA8C46B-168C-4616-AF6F-2B00F588D8D7}.Release|x86.ActiveCfg = Release|Any CPU
		{5FA8C46B-168C-4616-AF6F-2B00F588D8D7}.Release|x86.Build.0 = Release|Any CPU
		{68F0609B-DD6A-42DF-8367-913E5839711A}.Debug|Any CPU.ActiveCfg = Debug|Any CPU
		{68F0609B-DD6A-42DF-8367-913E5839711A}.Debug|Any CPU.Build.0 = Debug|Any CPU
		{68F0609B-DD6A-42DF-8367-913E5839711A}.Debug|x64.ActiveCfg = Debug|Any CPU
		{68F0609B-DD6A-42DF-8367-913E5839711A}.Debug|x64.Build.0 = Debug|Any CPU
		{68F0609B-DD6A-42DF-8367-913E5839711A}.Debug|x86.ActiveCfg = Debug|Any CPU
		{68F0609B-DD6A-42DF-8367-913E5839711A}.Debug|x86.Build.0 = Debug|Any CPU
		{68F0609B-DD6A-42DF-8367-913E5839711A}.Release|Any CPU.ActiveCfg = Release|Any CPU
		{68F0609B-DD6A-42DF-8367-913E5839711A}.Release|Any CPU.Build.0 = Release|Any CPU
		{68F0609B-DD6A-42DF-8367-913E5839711A}.Release|x64.ActiveCfg = Release|Any CPU
		{68F0609B-DD6A-42DF-8367-913E5839711A}.Release|x64.Build.0 = Release|Any CPU
		{68F0609B-DD6A-42DF-8367-913E5839711A}.Release|x86.ActiveCfg = Release|Any CPU
		{68F0609B-DD6A-42DF-8367-913E5839711A}.Release|x86.Build.0 = Release|Any CPU
		{424A3225-3BAE-452D-B539-F8A86B48F537}.Debug|Any CPU.ActiveCfg = Debug|Any CPU
		{424A3225-3BAE-452D-B539-F8A86B48F537}.Debug|Any CPU.Build.0 = Debug|Any CPU
		{424A3225-3BAE-452D-B539-F8A86B48F537}.Debug|x64.ActiveCfg = Debug|Any CPU
		{424A3225-3BAE-452D-B539-F8A86B48F537}.Debug|x64.Build.0 = Debug|Any CPU
		{424A3225-3BAE-452D-B539-F8A86B48F537}.Debug|x86.ActiveCfg = Debug|Any CPU
		{424A3225-3BAE-452D-B539-F8A86B48F537}.Debug|x86.Build.0 = Debug|Any CPU
		{424A3225-3BAE-452D-B539-F8A86B48F537}.Release|Any CPU.ActiveCfg = Release|Any CPU
		{424A3225-3BAE-452D-B539-F8A86B48F537}.Release|Any CPU.Build.0 = Release|Any CPU
		{424A3225-3BAE-452D-B539-F8A86B48F537}.Release|x64.ActiveCfg = Release|Any CPU
		{424A3225-3BAE-452D-B539-F8A86B48F537}.Release|x64.Build.0 = Release|Any CPU
		{424A3225-3BAE-452D-B539-F8A86B48F537}.Release|x86.ActiveCfg = Release|Any CPU
		{424A3225-3BAE-452D-B539-F8A86B48F537}.Release|x86.Build.0 = Release|Any CPU
		{E86627B1-516D-4903-BEA4-CE7342D19E0E}.Debug|Any CPU.ActiveCfg = Debug|Any CPU
		{E86627B1-516D-4903-BEA4-CE7342D19E0E}.Debug|Any CPU.Build.0 = Debug|Any CPU
		{E86627B1-516D-4903-BEA4-CE7342D19E0E}.Debug|x64.ActiveCfg = Debug|Any CPU
		{E86627B1-516D-4903-BEA4-CE7342D19E0E}.Debug|x64.Build.0 = Debug|Any CPU
		{E86627B1-516D-4903-BEA4-CE7342D19E0E}.Debug|x86.ActiveCfg = Debug|Any CPU
		{E86627B1-516D-4903-BEA4-CE7342D19E0E}.Debug|x86.Build.0 = Debug|Any CPU
		{E86627B1-516D-4903-BEA4-CE7342D19E0E}.Release|Any CPU.ActiveCfg = Release|Any CPU
		{E86627B1-516D-4903-BEA4-CE7342D19E0E}.Release|Any CPU.Build.0 = Release|Any CPU
		{E86627B1-516D-4903-BEA4-CE7342D19E0E}.Release|x64.ActiveCfg = Release|Any CPU
		{E86627B1-516D-4903-BEA4-CE7342D19E0E}.Release|x64.Build.0 = Release|Any CPU
		{E86627B1-516D-4903-BEA4-CE7342D19E0E}.Release|x86.ActiveCfg = Release|Any CPU
		{E86627B1-516D-4903-BEA4-CE7342D19E0E}.Release|x86.Build.0 = Release|Any CPU
		{EE9EC98F-8C70-4EDE-9808-12F7B0B0D62A}.Debug|Any CPU.ActiveCfg = Debug|Any CPU
		{EE9EC98F-8C70-4EDE-9808-12F7B0B0D62A}.Debug|Any CPU.Build.0 = Debug|Any CPU
		{EE9EC98F-8C70-4EDE-9808-12F7B0B0D62A}.Debug|x64.ActiveCfg = Debug|Any CPU
		{EE9EC98F-8C70-4EDE-9808-12F7B0B0D62A}.Debug|x64.Build.0 = Debug|Any CPU
		{EE9EC98F-8C70-4EDE-9808-12F7B0B0D62A}.Debug|x86.ActiveCfg = Debug|Any CPU
		{EE9EC98F-8C70-4EDE-9808-12F7B0B0D62A}.Debug|x86.Build.0 = Debug|Any CPU
		{EE9EC98F-8C70-4EDE-9808-12F7B0B0D62A}.Release|Any CPU.ActiveCfg = Release|Any CPU
		{EE9EC98F-8C70-4EDE-9808-12F7B0B0D62A}.Release|Any CPU.Build.0 = Release|Any CPU
		{EE9EC98F-8C70-4EDE-9808-12F7B0B0D62A}.Release|x64.ActiveCfg = Release|Any CPU
		{EE9EC98F-8C70-4EDE-9808-12F7B0B0D62A}.Release|x64.Build.0 = Release|Any CPU
		{EE9EC98F-8C70-4EDE-9808-12F7B0B0D62A}.Release|x86.ActiveCfg = Release|Any CPU
		{EE9EC98F-8C70-4EDE-9808-12F7B0B0D62A}.Release|x86.Build.0 = Release|Any CPU
		{14C42C27-30D5-4598-A8F7-6F79454A398E}.Debug|Any CPU.ActiveCfg = Debug|Any CPU
		{14C42C27-30D5-4598-A8F7-6F79454A398E}.Debug|Any CPU.Build.0 = Debug|Any CPU
		{14C42C27-30D5-4598-A8F7-6F79454A398E}.Debug|x64.ActiveCfg = Debug|Any CPU
		{14C42C27-30D5-4598-A8F7-6F79454A398E}.Debug|x64.Build.0 = Debug|Any CPU
		{14C42C27-30D5-4598-A8F7-6F79454A398E}.Debug|x86.ActiveCfg = Debug|Any CPU
		{14C42C27-30D5-4598-A8F7-6F79454A398E}.Debug|x86.Build.0 = Debug|Any CPU
		{14C42C27-30D5-4598-A8F7-6F79454A398E}.Release|Any CPU.ActiveCfg = Release|Any CPU
		{14C42C27-30D5-4598-A8F7-6F79454A398E}.Release|Any CPU.Build.0 = Release|Any CPU
		{14C42C27-30D5-4598-A8F7-6F79454A398E}.Release|x64.ActiveCfg = Release|Any CPU
		{14C42C27-30D5-4598-A8F7-6F79454A398E}.Release|x64.Build.0 = Release|Any CPU
		{14C42C27-30D5-4598-A8F7-6F79454A398E}.Release|x86.ActiveCfg = Release|Any CPU
		{14C42C27-30D5-4598-A8F7-6F79454A398E}.Release|x86.Build.0 = Release|Any CPU
		{A344BA3B-724F-4668-91D7-6FB3D5A01B3A}.Debug|Any CPU.ActiveCfg = Debug|Any CPU
		{A344BA3B-724F-4668-91D7-6FB3D5A01B3A}.Debug|Any CPU.Build.0 = Debug|Any CPU
		{A344BA3B-724F-4668-91D7-6FB3D5A01B3A}.Debug|x64.ActiveCfg = Debug|Any CPU
		{A344BA3B-724F-4668-91D7-6FB3D5A01B3A}.Debug|x64.Build.0 = Debug|Any CPU
		{A344BA3B-724F-4668-91D7-6FB3D5A01B3A}.Debug|x86.ActiveCfg = Debug|Any CPU
		{A344BA3B-724F-4668-91D7-6FB3D5A01B3A}.Debug|x86.Build.0 = Debug|Any CPU
		{A344BA3B-724F-4668-91D7-6FB3D5A01B3A}.Release|Any CPU.ActiveCfg = Release|Any CPU
		{A344BA3B-724F-4668-91D7-6FB3D5A01B3A}.Release|Any CPU.Build.0 = Release|Any CPU
		{A344BA3B-724F-4668-91D7-6FB3D5A01B3A}.Release|x64.ActiveCfg = Release|Any CPU
		{A344BA3B-724F-4668-91D7-6FB3D5A01B3A}.Release|x64.Build.0 = Release|Any CPU
		{A344BA3B-724F-4668-91D7-6FB3D5A01B3A}.Release|x86.ActiveCfg = Release|Any CPU
		{A344BA3B-724F-4668-91D7-6FB3D5A01B3A}.Release|x86.Build.0 = Release|Any CPU
		{557C984A-308A-4C4B-9111-46C806D44C5A}.Debug|Any CPU.ActiveCfg = Debug|Any CPU
		{557C984A-308A-4C4B-9111-46C806D44C5A}.Debug|Any CPU.Build.0 = Debug|Any CPU
		{557C984A-308A-4C4B-9111-46C806D44C5A}.Debug|x64.ActiveCfg = Debug|Any CPU
		{557C984A-308A-4C4B-9111-46C806D44C5A}.Debug|x64.Build.0 = Debug|Any CPU
		{557C984A-308A-4C4B-9111-46C806D44C5A}.Debug|x86.ActiveCfg = Debug|Any CPU
		{557C984A-308A-4C4B-9111-46C806D44C5A}.Debug|x86.Build.0 = Debug|Any CPU
		{557C984A-308A-4C4B-9111-46C806D44C5A}.Release|Any CPU.ActiveCfg = Release|Any CPU
		{557C984A-308A-4C4B-9111-46C806D44C5A}.Release|Any CPU.Build.0 = Release|Any CPU
		{557C984A-308A-4C4B-9111-46C806D44C5A}.Release|x64.ActiveCfg = Release|Any CPU
		{557C984A-308A-4C4B-9111-46C806D44C5A}.Release|x64.Build.0 = Release|Any CPU
		{557C984A-308A-4C4B-9111-46C806D44C5A}.Release|x86.ActiveCfg = Release|Any CPU
		{557C984A-308A-4C4B-9111-46C806D44C5A}.Release|x86.Build.0 = Release|Any CPU
		{D9C15945-1C49-45D4-B0B6-B8AF825C2B20}.Debug|Any CPU.ActiveCfg = Debug|Any CPU
		{D9C15945-1C49-45D4-B0B6-B8AF825C2B20}.Debug|Any CPU.Build.0 = Debug|Any CPU
		{D9C15945-1C49-45D4-B0B6-B8AF825C2B20}.Debug|x64.ActiveCfg = Debug|Any CPU
		{D9C15945-1C49-45D4-B0B6-B8AF825C2B20}.Debug|x64.Build.0 = Debug|Any CPU
		{D9C15945-1C49-45D4-B0B6-B8AF825C2B20}.Debug|x86.ActiveCfg = Debug|Any CPU
		{D9C15945-1C49-45D4-B0B6-B8AF825C2B20}.Debug|x86.Build.0 = Debug|Any CPU
		{D9C15945-1C49-45D4-B0B6-B8AF825C2B20}.Release|Any CPU.ActiveCfg = Release|Any CPU
		{D9C15945-1C49-45D4-B0B6-B8AF825C2B20}.Release|Any CPU.Build.0 = Release|Any CPU
		{D9C15945-1C49-45D4-B0B6-B8AF825C2B20}.Release|x64.ActiveCfg = Release|Any CPU
		{D9C15945-1C49-45D4-B0B6-B8AF825C2B20}.Release|x64.Build.0 = Release|Any CPU
		{D9C15945-1C49-45D4-B0B6-B8AF825C2B20}.Release|x86.ActiveCfg = Release|Any CPU
		{D9C15945-1C49-45D4-B0B6-B8AF825C2B20}.Release|x86.Build.0 = Release|Any CPU
		{AC823425-680F-4ECD-8883-FC09377AA849}.Debug|Any CPU.ActiveCfg = Debug|Any CPU
		{AC823425-680F-4ECD-8883-FC09377AA849}.Debug|Any CPU.Build.0 = Debug|Any CPU
		{AC823425-680F-4ECD-8883-FC09377AA849}.Debug|x64.ActiveCfg = Debug|Any CPU
		{AC823425-680F-4ECD-8883-FC09377AA849}.Debug|x64.Build.0 = Debug|Any CPU
		{AC823425-680F-4ECD-8883-FC09377AA849}.Debug|x86.ActiveCfg = Debug|Any CPU
		{AC823425-680F-4ECD-8883-FC09377AA849}.Debug|x86.Build.0 = Debug|Any CPU
		{AC823425-680F-4ECD-8883-FC09377AA849}.Release|Any CPU.ActiveCfg = Release|Any CPU
		{AC823425-680F-4ECD-8883-FC09377AA849}.Release|Any CPU.Build.0 = Release|Any CPU
		{AC823425-680F-4ECD-8883-FC09377AA849}.Release|x64.ActiveCfg = Release|Any CPU
		{AC823425-680F-4ECD-8883-FC09377AA849}.Release|x64.Build.0 = Release|Any CPU
		{AC823425-680F-4ECD-8883-FC09377AA849}.Release|x86.ActiveCfg = Release|Any CPU
		{AC823425-680F-4ECD-8883-FC09377AA849}.Release|x86.Build.0 = Release|Any CPU
		{B5C93DC6-837E-49C7-B240-F2764830B489}.Debug|Any CPU.ActiveCfg = Debug|Any CPU
		{B5C93DC6-837E-49C7-B240-F2764830B489}.Debug|Any CPU.Build.0 = Debug|Any CPU
		{B5C93DC6-837E-49C7-B240-F2764830B489}.Debug|x64.ActiveCfg = Debug|Any CPU
		{B5C93DC6-837E-49C7-B240-F2764830B489}.Debug|x64.Build.0 = Debug|Any CPU
		{B5C93DC6-837E-49C7-B240-F2764830B489}.Debug|x86.ActiveCfg = Debug|Any CPU
		{B5C93DC6-837E-49C7-B240-F2764830B489}.Debug|x86.Build.0 = Debug|Any CPU
		{B5C93DC6-837E-49C7-B240-F2764830B489}.Release|Any CPU.ActiveCfg = Release|Any CPU
		{B5C93DC6-837E-49C7-B240-F2764830B489}.Release|Any CPU.Build.0 = Release|Any CPU
		{B5C93DC6-837E-49C7-B240-F2764830B489}.Release|x64.ActiveCfg = Release|Any CPU
		{B5C93DC6-837E-49C7-B240-F2764830B489}.Release|x64.Build.0 = Release|Any CPU
		{B5C93DC6-837E-49C7-B240-F2764830B489}.Release|x86.ActiveCfg = Release|Any CPU
		{B5C93DC6-837E-49C7-B240-F2764830B489}.Release|x86.Build.0 = Release|Any CPU
		{73989B15-E5E4-49B7-97CE-8D64D454C909}.Debug|Any CPU.ActiveCfg = Debug|Any CPU
		{73989B15-E5E4-49B7-97CE-8D64D454C909}.Debug|Any CPU.Build.0 = Debug|Any CPU
		{73989B15-E5E4-49B7-97CE-8D64D454C909}.Debug|x64.ActiveCfg = Debug|Any CPU
		{73989B15-E5E4-49B7-97CE-8D64D454C909}.Debug|x64.Build.0 = Debug|Any CPU
		{73989B15-E5E4-49B7-97CE-8D64D454C909}.Debug|x86.ActiveCfg = Debug|Any CPU
		{73989B15-E5E4-49B7-97CE-8D64D454C909}.Debug|x86.Build.0 = Debug|Any CPU
		{73989B15-E5E4-49B7-97CE-8D64D454C909}.Release|Any CPU.ActiveCfg = Release|Any CPU
		{73989B15-E5E4-49B7-97CE-8D64D454C909}.Release|Any CPU.Build.0 = Release|Any CPU
		{73989B15-E5E4-49B7-97CE-8D64D454C909}.Release|x64.ActiveCfg = Release|Any CPU
		{73989B15-E5E4-49B7-97CE-8D64D454C909}.Release|x64.Build.0 = Release|Any CPU
		{73989B15-E5E4-49B7-97CE-8D64D454C909}.Release|x86.ActiveCfg = Release|Any CPU
		{73989B15-E5E4-49B7-97CE-8D64D454C909}.Release|x86.Build.0 = Release|Any CPU
		{566B392B-BCA4-4168-AA5D-7A8CA8EC2034}.Debug|Any CPU.ActiveCfg = Debug|Any CPU
		{566B392B-BCA4-4168-AA5D-7A8CA8EC2034}.Debug|Any CPU.Build.0 = Debug|Any CPU
		{566B392B-BCA4-4168-AA5D-7A8CA8EC2034}.Debug|x64.ActiveCfg = Debug|Any CPU
		{566B392B-BCA4-4168-AA5D-7A8CA8EC2034}.Debug|x64.Build.0 = Debug|Any CPU
		{566B392B-BCA4-4168-AA5D-7A8CA8EC2034}.Debug|x86.ActiveCfg = Debug|Any CPU
		{566B392B-BCA4-4168-AA5D-7A8CA8EC2034}.Debug|x86.Build.0 = Debug|Any CPU
		{566B392B-BCA4-4168-AA5D-7A8CA8EC2034}.Release|Any CPU.ActiveCfg = Release|Any CPU
		{566B392B-BCA4-4168-AA5D-7A8CA8EC2034}.Release|Any CPU.Build.0 = Release|Any CPU
		{566B392B-BCA4-4168-AA5D-7A8CA8EC2034}.Release|x64.ActiveCfg = Release|Any CPU
		{566B392B-BCA4-4168-AA5D-7A8CA8EC2034}.Release|x64.Build.0 = Release|Any CPU
		{566B392B-BCA4-4168-AA5D-7A8CA8EC2034}.Release|x86.ActiveCfg = Release|Any CPU
		{566B392B-BCA4-4168-AA5D-7A8CA8EC2034}.Release|x86.Build.0 = Release|Any CPU
		{5B317187-2B21-4816-A769-2F7DBCEAC74B}.Debug|Any CPU.ActiveCfg = Debug|Any CPU
		{5B317187-2B21-4816-A769-2F7DBCEAC74B}.Debug|Any CPU.Build.0 = Debug|Any CPU
		{5B317187-2B21-4816-A769-2F7DBCEAC74B}.Debug|x64.ActiveCfg = Debug|Any CPU
		{5B317187-2B21-4816-A769-2F7DBCEAC74B}.Debug|x64.Build.0 = Debug|Any CPU
		{5B317187-2B21-4816-A769-2F7DBCEAC74B}.Debug|x86.ActiveCfg = Debug|Any CPU
		{5B317187-2B21-4816-A769-2F7DBCEAC74B}.Debug|x86.Build.0 = Debug|Any CPU
		{5B317187-2B21-4816-A769-2F7DBCEAC74B}.Release|Any CPU.ActiveCfg = Release|Any CPU
		{5B317187-2B21-4816-A769-2F7DBCEAC74B}.Release|Any CPU.Build.0 = Release|Any CPU
		{5B317187-2B21-4816-A769-2F7DBCEAC74B}.Release|x64.ActiveCfg = Release|Any CPU
		{5B317187-2B21-4816-A769-2F7DBCEAC74B}.Release|x64.Build.0 = Release|Any CPU
		{5B317187-2B21-4816-A769-2F7DBCEAC74B}.Release|x86.ActiveCfg = Release|Any CPU
		{5B317187-2B21-4816-A769-2F7DBCEAC74B}.Release|x86.Build.0 = Release|Any CPU
		{EA052E8E-BD93-47E6-A4C0-9FA7BEC2D4BB}.Debug|Any CPU.ActiveCfg = Debug|Any CPU
		{EA052E8E-BD93-47E6-A4C0-9FA7BEC2D4BB}.Debug|Any CPU.Build.0 = Debug|Any CPU
		{EA052E8E-BD93-47E6-A4C0-9FA7BEC2D4BB}.Debug|x64.ActiveCfg = Debug|Any CPU
		{EA052E8E-BD93-47E6-A4C0-9FA7BEC2D4BB}.Debug|x64.Build.0 = Debug|Any CPU
		{EA052E8E-BD93-47E6-A4C0-9FA7BEC2D4BB}.Debug|x86.ActiveCfg = Debug|Any CPU
		{EA052E8E-BD93-47E6-A4C0-9FA7BEC2D4BB}.Debug|x86.Build.0 = Debug|Any CPU
		{EA052E8E-BD93-47E6-A4C0-9FA7BEC2D4BB}.Release|Any CPU.ActiveCfg = Release|Any CPU
		{EA052E8E-BD93-47E6-A4C0-9FA7BEC2D4BB}.Release|Any CPU.Build.0 = Release|Any CPU
		{EA052E8E-BD93-47E6-A4C0-9FA7BEC2D4BB}.Release|x64.ActiveCfg = Release|Any CPU
		{EA052E8E-BD93-47E6-A4C0-9FA7BEC2D4BB}.Release|x64.Build.0 = Release|Any CPU
		{EA052E8E-BD93-47E6-A4C0-9FA7BEC2D4BB}.Release|x86.ActiveCfg = Release|Any CPU
		{EA052E8E-BD93-47E6-A4C0-9FA7BEC2D4BB}.Release|x86.Build.0 = Release|Any CPU
		{D9A7621D-63BC-4FB9-8A0B-B0E236A9A16B}.Debug|Any CPU.ActiveCfg = Debug|Any CPU
		{D9A7621D-63BC-4FB9-8A0B-B0E236A9A16B}.Debug|Any CPU.Build.0 = Debug|Any CPU
		{D9A7621D-63BC-4FB9-8A0B-B0E236A9A16B}.Debug|x64.ActiveCfg = Debug|Any CPU
		{D9A7621D-63BC-4FB9-8A0B-B0E236A9A16B}.Debug|x64.Build.0 = Debug|Any CPU
		{D9A7621D-63BC-4FB9-8A0B-B0E236A9A16B}.Debug|x86.ActiveCfg = Debug|Any CPU
		{D9A7621D-63BC-4FB9-8A0B-B0E236A9A16B}.Debug|x86.Build.0 = Debug|Any CPU
		{D9A7621D-63BC-4FB9-8A0B-B0E236A9A16B}.Release|Any CPU.ActiveCfg = Release|Any CPU
		{D9A7621D-63BC-4FB9-8A0B-B0E236A9A16B}.Release|Any CPU.Build.0 = Release|Any CPU
		{D9A7621D-63BC-4FB9-8A0B-B0E236A9A16B}.Release|x64.ActiveCfg = Release|Any CPU
		{D9A7621D-63BC-4FB9-8A0B-B0E236A9A16B}.Release|x64.Build.0 = Release|Any CPU
		{D9A7621D-63BC-4FB9-8A0B-B0E236A9A16B}.Release|x86.ActiveCfg = Release|Any CPU
		{D9A7621D-63BC-4FB9-8A0B-B0E236A9A16B}.Release|x86.Build.0 = Release|Any CPU
		{CC865496-7CE6-4556-87A6-8FCE964DB365}.Debug|Any CPU.ActiveCfg = Debug|Any CPU
		{CC865496-7CE6-4556-87A6-8FCE964DB365}.Debug|Any CPU.Build.0 = Debug|Any CPU
		{CC865496-7CE6-4556-87A6-8FCE964DB365}.Debug|x64.ActiveCfg = Debug|Any CPU
		{CC865496-7CE6-4556-87A6-8FCE964DB365}.Debug|x64.Build.0 = Debug|Any CPU
		{CC865496-7CE6-4556-87A6-8FCE964DB365}.Debug|x86.ActiveCfg = Debug|Any CPU
		{CC865496-7CE6-4556-87A6-8FCE964DB365}.Debug|x86.Build.0 = Debug|Any CPU
		{CC865496-7CE6-4556-87A6-8FCE964DB365}.Release|Any CPU.ActiveCfg = Release|Any CPU
		{CC865496-7CE6-4556-87A6-8FCE964DB365}.Release|Any CPU.Build.0 = Release|Any CPU
		{CC865496-7CE6-4556-87A6-8FCE964DB365}.Release|x64.ActiveCfg = Release|Any CPU
		{CC865496-7CE6-4556-87A6-8FCE964DB365}.Release|x64.Build.0 = Release|Any CPU
		{CC865496-7CE6-4556-87A6-8FCE964DB365}.Release|x86.ActiveCfg = Release|Any CPU
		{CC865496-7CE6-4556-87A6-8FCE964DB365}.Release|x86.Build.0 = Release|Any CPU
		{9883BE1D-190E-4FB6-BFE2-941AA483EFA6}.Debug|Any CPU.ActiveCfg = Debug|Any CPU
		{9883BE1D-190E-4FB6-BFE2-941AA483EFA6}.Debug|Any CPU.Build.0 = Debug|Any CPU
		{9883BE1D-190E-4FB6-BFE2-941AA483EFA6}.Debug|x64.ActiveCfg = Debug|Any CPU
		{9883BE1D-190E-4FB6-BFE2-941AA483EFA6}.Debug|x64.Build.0 = Debug|Any CPU
		{9883BE1D-190E-4FB6-BFE2-941AA483EFA6}.Debug|x86.ActiveCfg = Debug|Any CPU
		{9883BE1D-190E-4FB6-BFE2-941AA483EFA6}.Debug|x86.Build.0 = Debug|Any CPU
		{9883BE1D-190E-4FB6-BFE2-941AA483EFA6}.Release|Any CPU.ActiveCfg = Release|Any CPU
		{9883BE1D-190E-4FB6-BFE2-941AA483EFA6}.Release|Any CPU.Build.0 = Release|Any CPU
		{9883BE1D-190E-4FB6-BFE2-941AA483EFA6}.Release|x64.ActiveCfg = Release|Any CPU
		{9883BE1D-190E-4FB6-BFE2-941AA483EFA6}.Release|x64.Build.0 = Release|Any CPU
		{9883BE1D-190E-4FB6-BFE2-941AA483EFA6}.Release|x86.ActiveCfg = Release|Any CPU
		{9883BE1D-190E-4FB6-BFE2-941AA483EFA6}.Release|x86.Build.0 = Release|Any CPU
		{407E327A-80AA-450B-A5BA-4CECFF3BF5EC}.Debug|Any CPU.ActiveCfg = Debug|Any CPU
		{407E327A-80AA-450B-A5BA-4CECFF3BF5EC}.Debug|Any CPU.Build.0 = Debug|Any CPU
		{407E327A-80AA-450B-A5BA-4CECFF3BF5EC}.Debug|x64.ActiveCfg = Debug|Any CPU
		{407E327A-80AA-450B-A5BA-4CECFF3BF5EC}.Debug|x64.Build.0 = Debug|Any CPU
		{407E327A-80AA-450B-A5BA-4CECFF3BF5EC}.Debug|x86.ActiveCfg = Debug|Any CPU
		{407E327A-80AA-450B-A5BA-4CECFF3BF5EC}.Debug|x86.Build.0 = Debug|Any CPU
		{407E327A-80AA-450B-A5BA-4CECFF3BF5EC}.Release|Any CPU.ActiveCfg = Release|Any CPU
		{407E327A-80AA-450B-A5BA-4CECFF3BF5EC}.Release|Any CPU.Build.0 = Release|Any CPU
		{407E327A-80AA-450B-A5BA-4CECFF3BF5EC}.Release|x64.ActiveCfg = Release|Any CPU
		{407E327A-80AA-450B-A5BA-4CECFF3BF5EC}.Release|x64.Build.0 = Release|Any CPU
		{407E327A-80AA-450B-A5BA-4CECFF3BF5EC}.Release|x86.ActiveCfg = Release|Any CPU
		{407E327A-80AA-450B-A5BA-4CECFF3BF5EC}.Release|x86.Build.0 = Release|Any CPU
		{2EA1A679-3CBD-454F-8ABB-FC40D13D408C}.Debug|Any CPU.ActiveCfg = Debug|Any CPU
		{2EA1A679-3CBD-454F-8ABB-FC40D13D408C}.Debug|Any CPU.Build.0 = Debug|Any CPU
		{2EA1A679-3CBD-454F-8ABB-FC40D13D408C}.Debug|x64.ActiveCfg = Debug|Any CPU
		{2EA1A679-3CBD-454F-8ABB-FC40D13D408C}.Debug|x64.Build.0 = Debug|Any CPU
		{2EA1A679-3CBD-454F-8ABB-FC40D13D408C}.Debug|x86.ActiveCfg = Debug|Any CPU
		{2EA1A679-3CBD-454F-8ABB-FC40D13D408C}.Debug|x86.Build.0 = Debug|Any CPU
		{2EA1A679-3CBD-454F-8ABB-FC40D13D408C}.Release|Any CPU.ActiveCfg = Release|Any CPU
		{2EA1A679-3CBD-454F-8ABB-FC40D13D408C}.Release|Any CPU.Build.0 = Release|Any CPU
		{2EA1A679-3CBD-454F-8ABB-FC40D13D408C}.Release|x64.ActiveCfg = Release|Any CPU
		{2EA1A679-3CBD-454F-8ABB-FC40D13D408C}.Release|x64.Build.0 = Release|Any CPU
		{2EA1A679-3CBD-454F-8ABB-FC40D13D408C}.Release|x86.ActiveCfg = Release|Any CPU
		{2EA1A679-3CBD-454F-8ABB-FC40D13D408C}.Release|x86.Build.0 = Release|Any CPU
		{FA044D82-574F-4258-AC99-58FADAFB9DD1}.Debug|Any CPU.ActiveCfg = Debug|Any CPU
		{FA044D82-574F-4258-AC99-58FADAFB9DD1}.Debug|Any CPU.Build.0 = Debug|Any CPU
		{FA044D82-574F-4258-AC99-58FADAFB9DD1}.Debug|x64.ActiveCfg = Debug|Any CPU
		{FA044D82-574F-4258-AC99-58FADAFB9DD1}.Debug|x64.Build.0 = Debug|Any CPU
		{FA044D82-574F-4258-AC99-58FADAFB9DD1}.Debug|x86.ActiveCfg = Debug|Any CPU
		{FA044D82-574F-4258-AC99-58FADAFB9DD1}.Debug|x86.Build.0 = Debug|Any CPU
		{FA044D82-574F-4258-AC99-58FADAFB9DD1}.Release|Any CPU.ActiveCfg = Release|Any CPU
		{FA044D82-574F-4258-AC99-58FADAFB9DD1}.Release|Any CPU.Build.0 = Release|Any CPU
		{FA044D82-574F-4258-AC99-58FADAFB9DD1}.Release|x64.ActiveCfg = Release|Any CPU
		{FA044D82-574F-4258-AC99-58FADAFB9DD1}.Release|x64.Build.0 = Release|Any CPU
		{FA044D82-574F-4258-AC99-58FADAFB9DD1}.Release|x86.ActiveCfg = Release|Any CPU
		{FA044D82-574F-4258-AC99-58FADAFB9DD1}.Release|x86.Build.0 = Release|Any CPU
		{329E5BBF-C20B-49FF-9B47-089C2887E2BD}.Debug|Any CPU.ActiveCfg = Debug|Any CPU
		{329E5BBF-C20B-49FF-9B47-089C2887E2BD}.Debug|Any CPU.Build.0 = Debug|Any CPU
		{329E5BBF-C20B-49FF-9B47-089C2887E2BD}.Debug|x64.ActiveCfg = Debug|Any CPU
		{329E5BBF-C20B-49FF-9B47-089C2887E2BD}.Debug|x64.Build.0 = Debug|Any CPU
		{329E5BBF-C20B-49FF-9B47-089C2887E2BD}.Debug|x86.ActiveCfg = Debug|Any CPU
		{329E5BBF-C20B-49FF-9B47-089C2887E2BD}.Debug|x86.Build.0 = Debug|Any CPU
		{329E5BBF-C20B-49FF-9B47-089C2887E2BD}.Release|Any CPU.ActiveCfg = Release|Any CPU
		{329E5BBF-C20B-49FF-9B47-089C2887E2BD}.Release|Any CPU.Build.0 = Release|Any CPU
		{329E5BBF-C20B-49FF-9B47-089C2887E2BD}.Release|x64.ActiveCfg = Release|Any CPU
		{329E5BBF-C20B-49FF-9B47-089C2887E2BD}.Release|x64.Build.0 = Release|Any CPU
		{329E5BBF-C20B-49FF-9B47-089C2887E2BD}.Release|x86.ActiveCfg = Release|Any CPU
		{329E5BBF-C20B-49FF-9B47-089C2887E2BD}.Release|x86.Build.0 = Release|Any CPU
		{AAF3F6C5-C22D-4B4D-9A5C-AC912754C0B5}.Debug|Any CPU.ActiveCfg = Debug|Any CPU
		{AAF3F6C5-C22D-4B4D-9A5C-AC912754C0B5}.Debug|Any CPU.Build.0 = Debug|Any CPU
		{AAF3F6C5-C22D-4B4D-9A5C-AC912754C0B5}.Debug|x64.ActiveCfg = Debug|Any CPU
		{AAF3F6C5-C22D-4B4D-9A5C-AC912754C0B5}.Debug|x64.Build.0 = Debug|Any CPU
		{AAF3F6C5-C22D-4B4D-9A5C-AC912754C0B5}.Debug|x86.ActiveCfg = Debug|Any CPU
		{AAF3F6C5-C22D-4B4D-9A5C-AC912754C0B5}.Debug|x86.Build.0 = Debug|Any CPU
		{AAF3F6C5-C22D-4B4D-9A5C-AC912754C0B5}.Release|Any CPU.ActiveCfg = Release|Any CPU
		{AAF3F6C5-C22D-4B4D-9A5C-AC912754C0B5}.Release|Any CPU.Build.0 = Release|Any CPU
		{AAF3F6C5-C22D-4B4D-9A5C-AC912754C0B5}.Release|x64.ActiveCfg = Release|Any CPU
		{AAF3F6C5-C22D-4B4D-9A5C-AC912754C0B5}.Release|x64.Build.0 = Release|Any CPU
		{AAF3F6C5-C22D-4B4D-9A5C-AC912754C0B5}.Release|x86.ActiveCfg = Release|Any CPU
		{AAF3F6C5-C22D-4B4D-9A5C-AC912754C0B5}.Release|x86.Build.0 = Release|Any CPU
		{72427A8B-C3D1-4A63-9CEF-388D9691F582}.Debug|Any CPU.ActiveCfg = Debug|Any CPU
		{72427A8B-C3D1-4A63-9CEF-388D9691F582}.Debug|Any CPU.Build.0 = Debug|Any CPU
		{72427A8B-C3D1-4A63-9CEF-388D9691F582}.Debug|x64.ActiveCfg = Debug|Any CPU
		{72427A8B-C3D1-4A63-9CEF-388D9691F582}.Debug|x64.Build.0 = Debug|Any CPU
		{72427A8B-C3D1-4A63-9CEF-388D9691F582}.Debug|x86.ActiveCfg = Debug|Any CPU
		{72427A8B-C3D1-4A63-9CEF-388D9691F582}.Debug|x86.Build.0 = Debug|Any CPU
		{72427A8B-C3D1-4A63-9CEF-388D9691F582}.Release|Any CPU.ActiveCfg = Release|Any CPU
		{72427A8B-C3D1-4A63-9CEF-388D9691F582}.Release|Any CPU.Build.0 = Release|Any CPU
		{72427A8B-C3D1-4A63-9CEF-388D9691F582}.Release|x64.ActiveCfg = Release|Any CPU
		{72427A8B-C3D1-4A63-9CEF-388D9691F582}.Release|x64.Build.0 = Release|Any CPU
		{72427A8B-C3D1-4A63-9CEF-388D9691F582}.Release|x86.ActiveCfg = Release|Any CPU
		{72427A8B-C3D1-4A63-9CEF-388D9691F582}.Release|x86.Build.0 = Release|Any CPU
		{7D9E084D-77C9-482E-8F4A-5D499CFA4AFB}.Debug|Any CPU.ActiveCfg = Debug|Any CPU
		{7D9E084D-77C9-482E-8F4A-5D499CFA4AFB}.Debug|Any CPU.Build.0 = Debug|Any CPU
		{7D9E084D-77C9-482E-8F4A-5D499CFA4AFB}.Debug|x64.ActiveCfg = Debug|Any CPU
		{7D9E084D-77C9-482E-8F4A-5D499CFA4AFB}.Debug|x64.Build.0 = Debug|Any CPU
		{7D9E084D-77C9-482E-8F4A-5D499CFA4AFB}.Debug|x86.ActiveCfg = Debug|Any CPU
		{7D9E084D-77C9-482E-8F4A-5D499CFA4AFB}.Debug|x86.Build.0 = Debug|Any CPU
		{7D9E084D-77C9-482E-8F4A-5D499CFA4AFB}.Release|Any CPU.ActiveCfg = Release|Any CPU
		{7D9E084D-77C9-482E-8F4A-5D499CFA4AFB}.Release|Any CPU.Build.0 = Release|Any CPU
		{7D9E084D-77C9-482E-8F4A-5D499CFA4AFB}.Release|x64.ActiveCfg = Release|Any CPU
		{7D9E084D-77C9-482E-8F4A-5D499CFA4AFB}.Release|x64.Build.0 = Release|Any CPU
		{7D9E084D-77C9-482E-8F4A-5D499CFA4AFB}.Release|x86.ActiveCfg = Release|Any CPU
		{7D9E084D-77C9-482E-8F4A-5D499CFA4AFB}.Release|x86.Build.0 = Release|Any CPU
		{B5450640-BD30-49F1-8A58-32240672BA5D}.Debug|Any CPU.ActiveCfg = Debug|Any CPU
		{B5450640-BD30-49F1-8A58-32240672BA5D}.Debug|Any CPU.Build.0 = Debug|Any CPU
		{B5450640-BD30-49F1-8A58-32240672BA5D}.Debug|x64.ActiveCfg = Debug|Any CPU
		{B5450640-BD30-49F1-8A58-32240672BA5D}.Debug|x64.Build.0 = Debug|Any CPU
		{B5450640-BD30-49F1-8A58-32240672BA5D}.Debug|x86.ActiveCfg = Debug|Any CPU
		{B5450640-BD30-49F1-8A58-32240672BA5D}.Debug|x86.Build.0 = Debug|Any CPU
		{B5450640-BD30-49F1-8A58-32240672BA5D}.Release|Any CPU.ActiveCfg = Release|Any CPU
		{B5450640-BD30-49F1-8A58-32240672BA5D}.Release|Any CPU.Build.0 = Release|Any CPU
		{B5450640-BD30-49F1-8A58-32240672BA5D}.Release|x64.ActiveCfg = Release|Any CPU
		{B5450640-BD30-49F1-8A58-32240672BA5D}.Release|x64.Build.0 = Release|Any CPU
		{B5450640-BD30-49F1-8A58-32240672BA5D}.Release|x86.ActiveCfg = Release|Any CPU
		{B5450640-BD30-49F1-8A58-32240672BA5D}.Release|x86.Build.0 = Release|Any CPU
		{0BF298F9-C0DD-4BC8-A9D0-D973A8682EE7}.Debug|Any CPU.ActiveCfg = Debug|Any CPU
		{0BF298F9-C0DD-4BC8-A9D0-D973A8682EE7}.Debug|Any CPU.Build.0 = Debug|Any CPU
		{0BF298F9-C0DD-4BC8-A9D0-D973A8682EE7}.Debug|x64.ActiveCfg = Debug|Any CPU
		{0BF298F9-C0DD-4BC8-A9D0-D973A8682EE7}.Debug|x64.Build.0 = Debug|Any CPU
		{0BF298F9-C0DD-4BC8-A9D0-D973A8682EE7}.Debug|x86.ActiveCfg = Debug|Any CPU
		{0BF298F9-C0DD-4BC8-A9D0-D973A8682EE7}.Debug|x86.Build.0 = Debug|Any CPU
		{0BF298F9-C0DD-4BC8-A9D0-D973A8682EE7}.Release|Any CPU.ActiveCfg = Release|Any CPU
		{0BF298F9-C0DD-4BC8-A9D0-D973A8682EE7}.Release|Any CPU.Build.0 = Release|Any CPU
		{0BF298F9-C0DD-4BC8-A9D0-D973A8682EE7}.Release|x64.ActiveCfg = Release|Any CPU
		{0BF298F9-C0DD-4BC8-A9D0-D973A8682EE7}.Release|x64.Build.0 = Release|Any CPU
		{0BF298F9-C0DD-4BC8-A9D0-D973A8682EE7}.Release|x86.ActiveCfg = Release|Any CPU
		{0BF298F9-C0DD-4BC8-A9D0-D973A8682EE7}.Release|x86.Build.0 = Release|Any CPU
	EndGlobalSection
	GlobalSection(SolutionProperties) = preSolution
		HideSolutionNode = FALSE
	EndGlobalSection
	GlobalSection(NestedProjects) = preSolution
		{90298CBA-BD6F-3A0A-69D5-97CAD7B05E7E} = {827E0CD3-B72D-47B6-A68D-7590B98EB39B}
		{661E363E-B852-4F11-BC8A-4103797E92A4} = {90298CBA-BD6F-3A0A-69D5-97CAD7B05E7E}
		{020CF5FB-C155-45C0-B9DE-7B53BAD326FC} = {90298CBA-BD6F-3A0A-69D5-97CAD7B05E7E}
		{1E95CCE3-B619-46C4-96D4-73A4322F8C90} = {90298CBA-BD6F-3A0A-69D5-97CAD7B05E7E}
		{B536B4BC-2E90-4368-8FCC-D84D05DE14C4} = {90298CBA-BD6F-3A0A-69D5-97CAD7B05E7E}
		{BD6FE331-8254-47FB-8F25-3925C9624B18} = {90298CBA-BD6F-3A0A-69D5-97CAD7B05E7E}
		{981C2CF6-E5BB-602A-511C-234B538302B0} = {827E0CD3-B72D-47B6-A68D-7590B98EB39B}
		{817BC07C-80E8-489B-A668-106F691C5478} = {981C2CF6-E5BB-602A-511C-234B538302B0}
		{EC447DCF-ABFA-6E24-52A5-D7FD48A5C558} = {827E0CD3-B72D-47B6-A68D-7590B98EB39B}
		{0EC62A1A-9858-3A60-8A0C-FC9AACFA2EC7} = {EC447DCF-ABFA-6E24-52A5-D7FD48A5C558}
		{3DD9C6D1-8EB4-444F-AFB5-DB80D5782130} = {0EC62A1A-9858-3A60-8A0C-FC9AACFA2EC7}
		{C47830C6-4884-4749-9D79-8A3823316CD3} = {0EC62A1A-9858-3A60-8A0C-FC9AACFA2EC7}
		{9A3985B2-787D-49BE-AF1E-BF03073AFC4E} = {0EC62A1A-9858-3A60-8A0C-FC9AACFA2EC7}
		{EA55BF0B-CF3F-44BC-960F-E557342B5CA1} = {0EC62A1A-9858-3A60-8A0C-FC9AACFA2EC7}
		{1EE309CE-3C56-E0B4-4D30-990A2802E0F7} = {EC447DCF-ABFA-6E24-52A5-D7FD48A5C558}
		{5FA8C46B-168C-4616-AF6F-2B00F588D8D7} = {1EE309CE-3C56-E0B4-4D30-990A2802E0F7}
		{68F0609B-DD6A-42DF-8367-913E5839711A} = {1EE309CE-3C56-E0B4-4D30-990A2802E0F7}
		{424A3225-3BAE-452D-B539-F8A86B48F537} = {1EE309CE-3C56-E0B4-4D30-990A2802E0F7}
		{E86627B1-516D-4903-BEA4-CE7342D19E0E} = {1EE309CE-3C56-E0B4-4D30-990A2802E0F7}
		{94CA1A96-709C-708D-86F4-C17510E77C63} = {EC447DCF-ABFA-6E24-52A5-D7FD48A5C558}
		{EE9EC98F-8C70-4EDE-9808-12F7B0B0D62A} = {94CA1A96-709C-708D-86F4-C17510E77C63}
		{14C42C27-30D5-4598-A8F7-6F79454A398E} = {94CA1A96-709C-708D-86F4-C17510E77C63}
		{A344BA3B-724F-4668-91D7-6FB3D5A01B3A} = {94CA1A96-709C-708D-86F4-C17510E77C63}
		{557C984A-308A-4C4B-9111-46C806D44C5A} = {94CA1A96-709C-708D-86F4-C17510E77C63}
		{F8CB3014-AE33-BC28-6A1E-FE4879C2B06A} = {EC447DCF-ABFA-6E24-52A5-D7FD48A5C558}
		{D9C15945-1C49-45D4-B0B6-B8AF825C2B20} = {F8CB3014-AE33-BC28-6A1E-FE4879C2B06A}
		{AC823425-680F-4ECD-8883-FC09377AA849} = {F8CB3014-AE33-BC28-6A1E-FE4879C2B06A}
		{B5C93DC6-837E-49C7-B240-F2764830B489} = {F8CB3014-AE33-BC28-6A1E-FE4879C2B06A}
		{73989B15-E5E4-49B7-97CE-8D64D454C909} = {F8CB3014-AE33-BC28-6A1E-FE4879C2B06A}
		{4F8133DB-A301-0A1E-3DDE-929E67CC9B96} = {EC447DCF-ABFA-6E24-52A5-D7FD48A5C558}
		{566B392B-BCA4-4168-AA5D-7A8CA8EC2034} = {4F8133DB-A301-0A1E-3DDE-929E67CC9B96}
		{5B317187-2B21-4816-A769-2F7DBCEAC74B} = {4F8133DB-A301-0A1E-3DDE-929E67CC9B96}
		{EA052E8E-BD93-47E6-A4C0-9FA7BEC2D4BB} = {4F8133DB-A301-0A1E-3DDE-929E67CC9B96}
		{D9A7621D-63BC-4FB9-8A0B-B0E236A9A16B} = {4F8133DB-A301-0A1E-3DDE-929E67CC9B96}
		{CC865496-7CE6-4556-87A6-8FCE964DB365} = {0AB3BF05-4346-4AA6-1389-037BE0695223}
		{9883BE1D-190E-4FB6-BFE2-941AA483EFA6} = {0AB3BF05-4346-4AA6-1389-037BE0695223}
		{407E327A-80AA-450B-A5BA-4CECFF3BF5EC} = {0AB3BF05-4346-4AA6-1389-037BE0695223}
		{B7504168-2F66-9EF4-E8D7-36B98062A6F8} = {EC447DCF-ABFA-6E24-52A5-D7FD48A5C558}
		{2EA1A679-3CBD-454F-8ABB-FC40D13D408C} = {B7504168-2F66-9EF4-E8D7-36B98062A6F8}
		{FA044D82-574F-4258-AC99-58FADAFB9DD1} = {B7504168-2F66-9EF4-E8D7-36B98062A6F8}
		{329E5BBF-C20B-49FF-9B47-089C2887E2BD} = {B7504168-2F66-9EF4-E8D7-36B98062A6F8}
		{AAF3F6C5-C22D-4B4D-9A5C-AC912754C0B5} = {B7504168-2F66-9EF4-E8D7-36B98062A6F8}
		{9902F374-ADD9-6C07-C0B1-A1E2A4C50CB9} = {EC447DCF-ABFA-6E24-52A5-D7FD48A5C558}
		{72427A8B-C3D1-4A63-9CEF-388D9691F582} = {9902F374-ADD9-6C07-C0B1-A1E2A4C50CB9}
		{7D9E084D-77C9-482E-8F4A-5D499CFA4AFB} = {9902F374-ADD9-6C07-C0B1-A1E2A4C50CB9}
		{B5450640-BD30-49F1-8A58-32240672BA5D} = {9902F374-ADD9-6C07-C0B1-A1E2A4C50CB9}
		{0BF298F9-C0DD-4BC8-A9D0-D973A8682EE7} = {9902F374-ADD9-6C07-C0B1-A1E2A4C50CB9}
	EndGlobalSection
EndGlobal
